<?xml version="1.0" encoding="utf-8"?>
<Project ToolsVersion="4.0" xmlns="http://schemas.microsoft.com/developer/msbuild/2003">
  <ItemGroup>
    <Filter Include="Source Files">
      <UniqueIdentifier>{4FC737F1-C7A5-4376-A066-2A32D752A2FF}</UniqueIdentifier>
      <Extensions>cpp;c;cc;cxx;def;odl;idl;hpj;bat;asm;asmx</Extensions>
    </Filter>
    <Filter Include="Header Files">
      <UniqueIdentifier>{93995380-89BD-4b04-88EB-625FBE52EBFB}</UniqueIdentifier>
      <Extensions>h;hpp;hxx;hm;inl;inc;xsd</Extensions>
    </Filter>
    <Filter Include="Resource Files">
      <UniqueIdentifier>{67DA6AB6-F800-4c08-8B7A-83BB121AAD01}</UniqueIdentifier>
      <Extensions>rc;ico;cur;bmp;dlg;rc2;rct;bin;rgs;gif;jpg;jpeg;jpe;resx;tiff;tif;png;wav;mfcribbon-ms</Extensions>
    </Filter>
  </ItemGroup>
  <ItemGroup>
    <ClCompile Include="..\dm-composition.cpp">
      <Filter>Source Files</Filter>
    </ClCompile>
    <ClCompile Include="..\dm-conf.cpp">
      <Filter>Source Files</Filter>
    </ClCompile>
    <ClCompile Include="..\dm-draw.cpp">
      <Filter>Source Files</Filter>
    </ClCompile>
    <ClCompile Include="..\dm-geom-objects.cpp">
      <Filter>Source Files</Filter>
    </ClCompile>
    <ClCompile Include="..\dm-interpolator.cpp">
      <Filter>Source Files</Filter>
    </ClCompile>
    <ClCompile Include="..\dm-IOfile.cpp">
      <Filter>Source Files</Filter>
    </ClCompile>
    <ClCompile Include="..\dm-lib.cpp">
      <Filter>Source Files</Filter>
    </ClCompile>
    <ClCompile Include="..\dm-main.cpp">
      <Filter>Source Files</Filter>
    </ClCompile>
    <ClCompile Include="..\dm-material.cpp">
      <Filter>Source Files</Filter>
    </ClCompile>
    <ClCompile Include="..\dm-non-geom-objects.cpp">
      <Filter>Source Files</Filter>
    </ClCompile>
    <ClCompile Include="..\dm-scene.cpp">
      <Filter>Source Files</Filter>
    </ClCompile>
    <ClCompile Include="..\dm-script.cpp">
      <Filter>Source Files</Filter>
    </ClCompile>
    <ClCompile Include="..\dm-shader.cpp">
      <Filter>Source Files</Filter>
    </ClCompile>
    <ClCompile Include="..\dm-strings.cpp">
      <Filter>Source Files</Filter>
    </ClCompile>
    <ClCompile Include="..\dm-texture.cpp">
      <Filter>Source Files</Filter>
    </ClCompile>
    <ClCompile Include="..\dm-udp.cpp">
      <Filter>Source Files</Filter>
    </ClCompile>
    <ClCompile Include="..\dm-variables.cpp">
      <Filter>Source Files</Filter>
    </ClCompile>
    <ClCompile Include="..\dm-stroke.cpp">
      <Filter>Source Files</Filter>
    </ClCompile>
  </ItemGroup>
  <ItemGroup>
    <ClInclude Include="..\config.h">
      <Filter>Header Files</Filter>
    </ClInclude>
    <ClInclude Include="..\dm-composition.h">
      <Filter>Header Files</Filter>
    </ClInclude>
    <ClInclude Include="..\dm-conf.h">
      <Filter>Header Files</Filter>
    </ClInclude>
    <ClInclude Include="..\dm-draw.h">
      <Filter>Header Files</Filter>
    </ClInclude>
    <ClInclude Include="..\dm-geom-objects.h">
      <Filter>Header Files</Filter>
    </ClInclude>
    <ClInclude Include="..\dm-interpolator.h">
      <Filter>Header Files</Filter>
    </ClInclude>
    <ClInclude Include="..\dm-IOfile.h">
      <Filter>Header Files</Filter>
    </ClInclude>
    <ClInclude Include="..\dm-lib.h">
      <Filter>Header Files</Filter>
    </ClInclude>
    <ClInclude Include="..\dm-main.h">
      <Filter>Header Files</Filter>
    </ClInclude>
    <ClInclude Include="..\dm-material.h">
      <Filter>Header Files</Filter>
    </ClInclude>
    <ClInclude Include="..\dm-non-geom-objects.h">
      <Filter>Header Files</Filter>
    </ClInclude>
    <ClInclude Include="..\dm-scene.h">
      <Filter>Header Files</Filter>
    </ClInclude>
    <ClInclude Include="..\dm-script.h">
      <Filter>Header Files</Filter>
    </ClInclude>
    <ClInclude Include="..\dm-shader.h">
      <Filter>Header Files</Filter>
    </ClInclude>
    <ClInclude Include="..\dm-strings.h">
      <Filter>Header Files</Filter>
    </ClInclude>
    <ClInclude Include="..\dm-texture.h">
      <Filter>Header Files</Filter>
    </ClInclude>
    <ClInclude Include="..\dm-udp.h">
      <Filter>Header Files</Filter>
    </ClInclude>
    <ClInclude Include="..\dm-variables.h">
      <Filter>Header Files</Filter>
    </ClInclude>
    <ClInclude Include="..\dm-all_include.h">
      <Filter>Header Files</Filter>
    </ClInclude>
    <ClInclude Include="..\dm-stroke.h">
      <Filter>Header Files</Filter>
    </ClInclude>
  </ItemGroup>
</Project>