
Microsoft Visual Studio Solution File, Format Version 12.00
# Visual Studio 15
VisualStudioVersion = 15.0.27130.2020
MinimumVisualStudioVersion = 10.0.40219.1
Project("{8BC9CEB8-8B4A-11D0-8D11-00A0C91BC942}") = "Porphyrograph_sound", "Porphyrograph_sound.vcxproj", "{A1CCF75F-19B0-4E6C-85AF-994441BB7EA8}"
EndProject
Project("{8BC9CEB8-8B4A-11D0-8D11-00A0C91BC942}") = "Porphyrograph_TVWinstall", "Porphyrograph_TVWinstall.vcxproj", "{2441CD4C-CEE9-4475-AE6C-05B2BFE15921}"
EndProject
Project("{8BC9CEB8-8B4A-11D0-8D11-00A0C91BC942}") = "Porphyrograph_curves", "Porphyrograph_curves.vcxproj", "{D8855153-10AD-400C-AB4E-4537F645927B}"
EndProject
Project("{2150E333-8FDC-42A3-9474-1A3956D46DE8}") = "Solution Items", "Solution Items", "{FFD2D18E-DD22-4350-A49D-2FBC755392AD}"
EndProject
Project("{8BC9CEB8-8B4A-11D0-8D11-00A0C91BC942}") = "Porphyrograph_atelPort", "Porphyrograph_atelPort.vcxproj", "{08BA69D1-6A26-4778-B3D4-96A33E67B25F}"
EndProject
Project("{8BC9CEB8-8B4A-11D0-8D11-00A0C91BC942}") = "Porphyrograph_alKemi", "Porphyrograph_alKemi.vcxproj", "{E515C4B3-8CD3-4AF0-939E-5DC3B8A13D5C}"
EndProject
Project("{8BC9CEB8-8B4A-11D0-8D11-00A0C91BC942}") = "Porphyrograph_maisSens", "Porphyrograph_maisSens.vcxproj", "{55B59A95-21FD-40D2-9F6F-AE7200A9E3A3}"
EndProject
Project("{8BC9CEB8-8B4A-11D0-8D11-00A0C91BC942}") = "Porphyrograph_core_GN", "Porphyrograph_core_GN.vcxproj", "{2DE2BB65-9683-4D41-B688-E506C969DFB0}"
EndProject
Project("{8BC9CEB8-8B4A-11D0-8D11-00A0C91BC942}") = "Porphyrograph_core_TVW", "Porphyrograph_core_TVW.vcxproj", "{37BED819-B7E7-4E99-BB1E-BC28D3E132AC}"
EndProject
Project("{8BC9CEB8-8B4A-11D0-8D11-00A0C91BC942}") = "Porphyrograph_core_effe", "Porphyrograph_core_effe.vcxproj", "{64002AFA-142B-469C-971F-394E0A0FCD73}"
EndProject
Project("{8BC9CEB8-8B4A-11D0-8D11-00A0C91BC942}") = "Porphyrograph_core_demo", "Porphyrograph_core_demo.vcxproj", "{5784ECB7-F9CD-419D-9C8C-6A2EEA23F1EC}"
EndProject
Project("{8BC9CEB8-8B4A-11D0-8D11-00A0C91BC942}") = "Porphyrograph_DM_CityWalk", "Porphyrograph_DM_CityWalk.vcxproj", "{3B9576B8-5E6A-4A0C-ADB6-941F091F9B7B}"
EndProject
Project("{8BC9CEB8-8B4A-11D0-8D11-00A0C91BC942}") = "Porphyrograph_DM_dcONT", "Porphyrograph_DM_dcONT.vcxproj", "{C047E8E4-3C40-4E5A-8066-D75E1123A0E1}"
EndProject
Project("{8BC9CEB8-8B4A-11D0-8D11-00A0C91BC942}") = "Porphyrograph_core_dasein", "Porphyrograph_core_dasein.vcxproj", "{71709017-B1D0-4805-9F5E-8ECEDB858B62}"
EndProject
Project("{8BC9CEB8-8B4A-11D0-8D11-00A0C91BC942}") = "Porphyrograph_core_Malaussena", "Porphyrograph_core_Malaussena.vcxproj", "{0FA29698-0D88-403D-ACF0-8C1EF13294EC}"
EndProject
Project("{8BC9CEB8-8B4A-11D0-8D11-00A0C91BC942}") = "Porphyrograph_core_Criton", "Porphyrograph_core_Criton.vcxproj", "{B351504D-E507-4CF9-B793-C4A87B73D894}"
EndProject
Project("{8BC9CEB8-8B4A-11D0-8D11-00A0C91BC942}") = "Porphyrograph_core_voluspa", "Porphyrograph_core_voluspa.vcxproj", "{986E4103-B9ED-4705-B9CE-4F0FC593D138}"
EndProject
Project("{8BC9CEB8-8B4A-11D0-8D11-00A0C91BC942}") = "Porphyrograph_core_Bonnotte", "Porphyrograph_core_Bonnotte.vcxproj", "{ACE9E666-D5B9-4AA1-B0BA-A5A76C1AFF53}"
EndProject
Project("{8BC9CEB8-8B4A-11D0-8D11-00A0C91BC942}") = "Porphyrograph_core_interference", "Porphyrograph_core_interference.vcxproj", "{ED11B091-AF05-4ECC-8B7F-F90F98944454}"
EndProject
Project("{8BC9CEB8-8B4A-11D0-8D11-00A0C91BC942}") = "Porphyrograph_core_KompartSD", "Porphyrograph_core_KompartSD.vcxproj", "{6AA70C22-1335-4277-8BC2-0D61D596E5FF}"
EndProject
Project("{8BC9CEB8-8B4A-11D0-8D11-00A0C91BC942}") = "Porphyrograph_core_Reutlingen", "Porphyrograph_core_Reutlingen.vcxproj", "{19A429F1-88A0-45AA-BEFB-D6E05EB82B8B}"
EndProject
Project("{8BC9CEB8-8B4A-11D0-8D11-00A0C91BC942}") = "Porphyrograph_core_Biches", "Porphyrograph_core_Biches.vcxproj", "{00E87CC2-17C1-44B1-AD91-48A7DF5DAEF3}"
EndProject
Global
	GlobalSection(SolutionConfigurationPlatforms) = preSolution
		Debug DLL|Win32 = Debug DLL|Win32
		Debug DLL|x64 = Debug DLL|x64
		Debug|Win32 = Debug|Win32
		Debug|x64 = Debug|x64
		Release DLL|Win32 = Release DLL|Win32
		Release DLL|x64 = Release DLL|x64
		Release|Win32 = Release|Win32
		Release|x64 = Release|x64
	EndGlobalSection
	GlobalSection(ProjectConfigurationPlatforms) = postSolution
		{A1CCF75F-19B0-4E6C-85AF-994441BB7EA8}.Debug DLL|Win32.ActiveCfg = Debug|Win32
		{A1CCF75F-19B0-4E6C-85AF-994441BB7EA8}.Debug DLL|Win32.Build.0 = Debug|Win32
		{A1CCF75F-19B0-4E6C-85AF-994441BB7EA8}.Debug DLL|x64.ActiveCfg = Release|Win32
		{A1CCF75F-19B0-4E6C-85AF-994441BB7EA8}.Debug DLL|x64.Build.0 = Release|Win32
		{A1CCF75F-19B0-4E6C-85AF-994441BB7EA8}.Debug|Win32.ActiveCfg = Debug|Win32
		{A1CCF75F-19B0-4E6C-85AF-994441BB7EA8}.Debug|Win32.Build.0 = Debug|Win32
		{A1CCF75F-19B0-4E6C-85AF-994441BB7EA8}.Debug|x64.ActiveCfg = Debug|Win32
		{A1CCF75F-19B0-4E6C-85AF-994441BB7EA8}.Release DLL|Win32.ActiveCfg = Release|Win32
		{A1CCF75F-19B0-4E6C-85AF-994441BB7EA8}.Release DLL|Win32.Build.0 = Release|Win32
		{A1CCF75F-19B0-4E6C-85AF-994441BB7EA8}.Release DLL|x64.ActiveCfg = Release|Win32
		{A1CCF75F-19B0-4E6C-85AF-994441BB7EA8}.Release DLL|x64.Build.0 = Release|Win32
		{A1CCF75F-19B0-4E6C-85AF-994441BB7EA8}.Release|Win32.ActiveCfg = Release|Win32
		{A1CCF75F-19B0-4E6C-85AF-994441BB7EA8}.Release|Win32.Build.0 = Release|Win32
		{A1CCF75F-19B0-4E6C-85AF-994441BB7EA8}.Release|x64.ActiveCfg = Release|Win32
		{2441CD4C-CEE9-4475-AE6C-05B2BFE15921}.Debug DLL|Win32.ActiveCfg = Debug|Win32
		{2441CD4C-CEE9-4475-AE6C-05B2BFE15921}.Debug DLL|Win32.Build.0 = Debug|Win32
		{2441CD4C-CEE9-4475-AE6C-05B2BFE15921}.Debug DLL|x64.ActiveCfg = Release|Win32
		{2441CD4C-CEE9-4475-AE6C-05B2BFE15921}.Debug DLL|x64.Build.0 = Release|Win32
		{2441CD4C-CEE9-4475-AE6C-05B2BFE15921}.Debug|Win32.ActiveCfg = Debug|Win32
		{2441CD4C-CEE9-4475-AE6C-05B2BFE15921}.Debug|Win32.Build.0 = Debug|Win32
		{2441CD4C-CEE9-4475-AE6C-05B2BFE15921}.Debug|x64.ActiveCfg = Debug|Win32
		{2441CD4C-CEE9-4475-AE6C-05B2BFE15921}.Release DLL|Win32.ActiveCfg = Release|Win32
		{2441CD4C-CEE9-4475-AE6C-05B2BFE15921}.Release DLL|Win32.Build.0 = Release|Win32
		{2441CD4C-CEE9-4475-AE6C-05B2BFE15921}.Release DLL|x64.ActiveCfg = Release|Win32
		{2441CD4C-CEE9-4475-AE6C-05B2BFE15921}.Release DLL|x64.Build.0 = Release|Win32
		{2441CD4C-CEE9-4475-AE6C-05B2BFE15921}.Release|Win32.ActiveCfg = Release|Win32
		{2441CD4C-CEE9-4475-AE6C-05B2BFE15921}.Release|Win32.Build.0 = Release|Win32
		{2441CD4C-CEE9-4475-AE6C-05B2BFE15921}.Release|x64.ActiveCfg = Release|Win32
		{D8855153-10AD-400C-AB4E-4537F645927B}.Debug DLL|Win32.ActiveCfg = Debug|Win32
		{D8855153-10AD-400C-AB4E-4537F645927B}.Debug DLL|Win32.Build.0 = Debug|Win32
		{D8855153-10AD-400C-AB4E-4537F645927B}.Debug DLL|x64.ActiveCfg = Debug|x64
		{D8855153-10AD-400C-AB4E-4537F645927B}.Debug DLL|x64.Build.0 = Debug|x64
		{D8855153-10AD-400C-AB4E-4537F645927B}.Debug|Win32.ActiveCfg = Debug|Win32
		{D8855153-10AD-400C-AB4E-4537F645927B}.Debug|Win32.Build.0 = Debug|Win32
		{D8855153-10AD-400C-AB4E-4537F645927B}.Debug|x64.ActiveCfg = Debug|x64
		{D8855153-10AD-400C-AB4E-4537F645927B}.Debug|x64.Build.0 = Debug|x64
		{D8855153-10AD-400C-AB4E-4537F645927B}.Release DLL|Win32.ActiveCfg = Release|Win32
		{D8855153-10AD-400C-AB4E-4537F645927B}.Release DLL|Win32.Build.0 = Release|Win32
		{D8855153-10AD-400C-AB4E-4537F645927B}.Release DLL|x64.ActiveCfg = Release|x64
		{D8855153-10AD-400C-AB4E-4537F645927B}.Release DLL|x64.Build.0 = Release|x64
		{D8855153-10AD-400C-AB4E-4537F645927B}.Release|Win32.ActiveCfg = Release|Win32
		{D8855153-10AD-400C-AB4E-4537F645927B}.Release|Win32.Build.0 = Release|Win32
		{D8855153-10AD-400C-AB4E-4537F645927B}.Release|x64.ActiveCfg = Release|x64
		{D8855153-10AD-400C-AB4E-4537F645927B}.Release|x64.Build.0 = Release|x64
		{08BA69D1-6A26-4778-B3D4-96A33E67B25F}.Debug DLL|Win32.ActiveCfg = Debug|Win32
		{08BA69D1-6A26-4778-B3D4-96A33E67B25F}.Debug DLL|Win32.Build.0 = Debug|Win32
		{08BA69D1-6A26-4778-B3D4-96A33E67B25F}.Debug DLL|x64.ActiveCfg = Debug|Win32
		{08BA69D1-6A26-4778-B3D4-96A33E67B25F}.Debug DLL|x64.Build.0 = Debug|Win32
		{08BA69D1-6A26-4778-B3D4-96A33E67B25F}.Debug|Win32.ActiveCfg = Debug|Win32
		{08BA69D1-6A26-4778-B3D4-96A33E67B25F}.Debug|Win32.Build.0 = Debug|Win32
		{08BA69D1-6A26-4778-B3D4-96A33E67B25F}.Debug|x64.ActiveCfg = Debug|Win32
		{08BA69D1-6A26-4778-B3D4-96A33E67B25F}.Release DLL|Win32.ActiveCfg = Release|Win32
		{08BA69D1-6A26-4778-B3D4-96A33E67B25F}.Release DLL|Win32.Build.0 = Release|Win32
		{08BA69D1-6A26-4778-B3D4-96A33E67B25F}.Release DLL|x64.ActiveCfg = Debug|Win32
		{08BA69D1-6A26-4778-B3D4-96A33E67B25F}.Release DLL|x64.Build.0 = Debug|Win32
		{08BA69D1-6A26-4778-B3D4-96A33E67B25F}.Release|Win32.ActiveCfg = Release|Win32
		{08BA69D1-6A26-4778-B3D4-96A33E67B25F}.Release|Win32.Build.0 = Release|Win32
		{08BA69D1-6A26-4778-B3D4-96A33E67B25F}.Release|x64.ActiveCfg = Release|Win32
		{E515C4B3-8CD3-4AF0-939E-5DC3B8A13D5C}.Debug DLL|Win32.ActiveCfg = Debug|Win32
		{E515C4B3-8CD3-4AF0-939E-5DC3B8A13D5C}.Debug DLL|Win32.Build.0 = Debug|Win32
		{E515C4B3-8CD3-4AF0-939E-5DC3B8A13D5C}.Debug DLL|x64.ActiveCfg = Release|Win32
		{E515C4B3-8CD3-4AF0-939E-5DC3B8A13D5C}.Debug DLL|x64.Build.0 = Release|Win32
		{E515C4B3-8CD3-4AF0-939E-5DC3B8A13D5C}.Debug|Win32.ActiveCfg = Debug|Win32
		{E515C4B3-8CD3-4AF0-939E-5DC3B8A13D5C}.Debug|Win32.Build.0 = Debug|Win32
		{E515C4B3-8CD3-4AF0-939E-5DC3B8A13D5C}.Debug|x64.ActiveCfg = Debug|Win32
		{E515C4B3-8CD3-4AF0-939E-5DC3B8A13D5C}.Release DLL|Win32.ActiveCfg = Release|Win32
		{E515C4B3-8CD3-4AF0-939E-5DC3B8A13D5C}.Release DLL|Win32.Build.0 = Release|Win32
		{E515C4B3-8CD3-4AF0-939E-5DC3B8A13D5C}.Release DLL|x64.ActiveCfg = Release|Win32
		{E515C4B3-8CD3-4AF0-939E-5DC3B8A13D5C}.Release DLL|x64.Build.0 = Release|Win32
		{E515C4B3-8CD3-4AF0-939E-5DC3B8A13D5C}.Release|Win32.ActiveCfg = Release|Win32
		{E515C4B3-8CD3-4AF0-939E-5DC3B8A13D5C}.Release|Win32.Build.0 = Release|Win32
		{E515C4B3-8CD3-4AF0-939E-5DC3B8A13D5C}.Release|x64.ActiveCfg = Release|Win32
		{55B59A95-21FD-40D2-9F6F-AE7200A9E3A3}.Debug DLL|Win32.ActiveCfg = Debug|Win32
		{55B59A95-21FD-40D2-9F6F-AE7200A9E3A3}.Debug DLL|Win32.Build.0 = Debug|Win32
		{55B59A95-21FD-40D2-9F6F-AE7200A9E3A3}.Debug DLL|x64.ActiveCfg = Release|Win32
		{55B59A95-21FD-40D2-9F6F-AE7200A9E3A3}.Debug DLL|x64.Build.0 = Release|Win32
		{55B59A95-21FD-40D2-9F6F-AE7200A9E3A3}.Debug|Win32.ActiveCfg = Debug|Win32
		{55B59A95-21FD-40D2-9F6F-AE7200A9E3A3}.Debug|Win32.Build.0 = Debug|Win32
		{55B59A95-21FD-40D2-9F6F-AE7200A9E3A3}.Debug|x64.ActiveCfg = Debug|Win32
		{55B59A95-21FD-40D2-9F6F-AE7200A9E3A3}.Release DLL|Win32.ActiveCfg = Release|Win32
		{55B59A95-21FD-40D2-9F6F-AE7200A9E3A3}.Release DLL|Win32.Build.0 = Release|Win32
		{55B59A95-21FD-40D2-9F6F-AE7200A9E3A3}.Release DLL|x64.ActiveCfg = Release|Win32
		{55B59A95-21FD-40D2-9F6F-AE7200A9E3A3}.Release DLL|x64.Build.0 = Release|Win32
		{55B59A95-21FD-40D2-9F6F-AE7200A9E3A3}.Release|Win32.ActiveCfg = Release|Win32
		{55B59A95-21FD-40D2-9F6F-AE7200A9E3A3}.Release|Win32.Build.0 = Release|Win32
		{55B59A95-21FD-40D2-9F6F-AE7200A9E3A3}.Release|x64.ActiveCfg = Release|Win32
		{2DE2BB65-9683-4D41-B688-E506C969DFB0}.Debug DLL|Win32.ActiveCfg = Debug|Win32
		{2DE2BB65-9683-4D41-B688-E506C969DFB0}.Debug DLL|Win32.Build.0 = Debug|Win32
		{2DE2BB65-9683-4D41-B688-E506C969DFB0}.Debug DLL|x64.ActiveCfg = Debug|Win32
		{2DE2BB65-9683-4D41-B688-E506C969DFB0}.Debug DLL|x64.Build.0 = Debug|Win32
		{2DE2BB65-9683-4D41-B688-E506C969DFB0}.Debug|Win32.ActiveCfg = Debug|Win32
		{2DE2BB65-9683-4D41-B688-E506C969DFB0}.Debug|Win32.Build.0 = Debug|Win32
		{2DE2BB65-9683-4D41-B688-E506C969DFB0}.Debug|x64.ActiveCfg = Debug|Win32
		{2DE2BB65-9683-4D41-B688-E506C969DFB0}.Release DLL|Win32.ActiveCfg = Release|Win32
		{2DE2BB65-9683-4D41-B688-E506C969DFB0}.Release DLL|Win32.Build.0 = Release|Win32
		{2DE2BB65-9683-4D41-B688-E506C969DFB0}.Release DLL|x64.ActiveCfg = Debug|Win32
		{2DE2BB65-9683-4D41-B688-E506C969DFB0}.Release DLL|x64.Build.0 = Debug|Win32
		{2DE2BB65-9683-4D41-B688-E506C969DFB0}.Release|Win32.ActiveCfg = Release|Win32
		{2DE2BB65-9683-4D41-B688-E506C969DFB0}.Release|Win32.Build.0 = Release|Win32
		{2DE2BB65-9683-4D41-B688-E506C969DFB0}.Release|x64.ActiveCfg = Release|Win32
		{37BED819-B7E7-4E99-BB1E-BC28D3E132AC}.Debug DLL|Win32.ActiveCfg = Debug|Win32
		{37BED819-B7E7-4E99-BB1E-BC28D3E132AC}.Debug DLL|Win32.Build.0 = Debug|Win32
		{37BED819-B7E7-4E99-BB1E-BC28D3E132AC}.Debug DLL|x64.ActiveCfg = Release|Win32
		{37BED819-B7E7-4E99-BB1E-BC28D3E132AC}.Debug DLL|x64.Build.0 = Release|Win32
		{37BED819-B7E7-4E99-BB1E-BC28D3E132AC}.Debug|Win32.ActiveCfg = Debug|Win32
		{37BED819-B7E7-4E99-BB1E-BC28D3E132AC}.Debug|Win32.Build.0 = Debug|Win32
		{37BED819-B7E7-4E99-BB1E-BC28D3E132AC}.Debug|x64.ActiveCfg = Debug|Win32
		{37BED819-B7E7-4E99-BB1E-BC28D3E132AC}.Release DLL|Win32.ActiveCfg = Release|Win32
		{37BED819-B7E7-4E99-BB1E-BC28D3E132AC}.Release DLL|Win32.Build.0 = Release|Win32
		{37BED819-B7E7-4E99-BB1E-BC28D3E132AC}.Release DLL|x64.ActiveCfg = Release|Win32
		{37BED819-B7E7-4E99-BB1E-BC28D3E132AC}.Release DLL|x64.Build.0 = Release|Win32
		{37BED819-B7E7-4E99-BB1E-BC28D3E132AC}.Release|Win32.ActiveCfg = Release|Win32
		{37BED819-B7E7-4E99-BB1E-BC28D3E132AC}.Release|Win32.Build.0 = Release|Win32
		{37BED819-B7E7-4E99-BB1E-BC28D3E132AC}.Release|x64.ActiveCfg = Release|Win32
		{64002AFA-142B-469C-971F-394E0A0FCD73}.Debug DLL|Win32.ActiveCfg = Debug|Win32
		{64002AFA-142B-469C-971F-394E0A0FCD73}.Debug DLL|Win32.Build.0 = Debug|Win32
		{64002AFA-142B-469C-971F-394E0A0FCD73}.Debug DLL|x64.ActiveCfg = Release|Win32
		{64002AFA-142B-469C-971F-394E0A0FCD73}.Debug DLL|x64.Build.0 = Release|Win32
		{64002AFA-142B-469C-971F-394E0A0FCD73}.Debug|Win32.ActiveCfg = Debug|Win32
		{64002AFA-142B-469C-971F-394E0A0FCD73}.Debug|Win32.Build.0 = Debug|Win32
		{64002AFA-142B-469C-971F-394E0A0FCD73}.Debug|x64.ActiveCfg = Debug|Win32
		{64002AFA-142B-469C-971F-394E0A0FCD73}.Release DLL|Win32.ActiveCfg = Release|Win32
		{64002AFA-142B-469C-971F-394E0A0FCD73}.Release DLL|Win32.Build.0 = Release|Win32
		{64002AFA-142B-469C-971F-394E0A0FCD73}.Release DLL|x64.ActiveCfg = Release|Win32
		{64002AFA-142B-469C-971F-394E0A0FCD73}.Release DLL|x64.Build.0 = Release|Win32
		{64002AFA-142B-469C-971F-394E0A0FCD73}.Release|Win32.ActiveCfg = Release|Win32
		{64002AFA-142B-469C-971F-394E0A0FCD73}.Release|Win32.Build.0 = Release|Win32
		{64002AFA-142B-469C-971F-394E0A0FCD73}.Release|x64.ActiveCfg = Release|Win32
		{5784ECB7-F9CD-419D-9C8C-6A2EEA23F1EC}.Debug DLL|Win32.ActiveCfg = Debug|Win32
		{5784ECB7-F9CD-419D-9C8C-6A2EEA23F1EC}.Debug DLL|Win32.Build.0 = Debug|Win32
		{5784ECB7-F9CD-419D-9C8C-6A2EEA23F1EC}.Debug DLL|x64.ActiveCfg = Debug|Win32
		{5784ECB7-F9CD-419D-9C8C-6A2EEA23F1EC}.Debug DLL|x64.Build.0 = Debug|Win32
		{5784ECB7-F9CD-419D-9C8C-6A2EEA23F1EC}.Debug|Win32.ActiveCfg = Debug|Win32
		{5784ECB7-F9CD-419D-9C8C-6A2EEA23F1EC}.Debug|Win32.Build.0 = Debug|Win32
		{5784ECB7-F9CD-419D-9C8C-6A2EEA23F1EC}.Debug|x64.ActiveCfg = Debug|Win32
		{5784ECB7-F9CD-419D-9C8C-6A2EEA23F1EC}.Release DLL|Win32.ActiveCfg = Release|Win32
		{5784ECB7-F9CD-419D-9C8C-6A2EEA23F1EC}.Release DLL|Win32.Build.0 = Release|Win32
		{5784ECB7-F9CD-419D-9C8C-6A2EEA23F1EC}.Release DLL|x64.ActiveCfg = Debug|Win32
		{5784ECB7-F9CD-419D-9C8C-6A2EEA23F1EC}.Release DLL|x64.Build.0 = Debug|Win32
		{5784ECB7-F9CD-419D-9C8C-6A2EEA23F1EC}.Release|Win32.ActiveCfg = Release|Win32
		{5784ECB7-F9CD-419D-9C8C-6A2EEA23F1EC}.Release|Win32.Build.0 = Release|Win32
		{5784ECB7-F9CD-419D-9C8C-6A2EEA23F1EC}.Release|x64.ActiveCfg = Release|Win32
		{3B9576B8-5E6A-4A0C-ADB6-941F091F9B7B}.Debug DLL|Win32.ActiveCfg = Debug|Win32
		{3B9576B8-5E6A-4A0C-ADB6-941F091F9B7B}.Debug DLL|Win32.Build.0 = Debug|Win32
		{3B9576B8-5E6A-4A0C-ADB6-941F091F9B7B}.Debug DLL|x64.ActiveCfg = Release|Win32
		{3B9576B8-5E6A-4A0C-ADB6-941F091F9B7B}.Debug DLL|x64.Build.0 = Release|Win32
		{3B9576B8-5E6A-4A0C-ADB6-941F091F9B7B}.Debug|Win32.ActiveCfg = Debug|Win32
		{3B9576B8-5E6A-4A0C-ADB6-941F091F9B7B}.Debug|Win32.Build.0 = Debug|Win32
		{3B9576B8-5E6A-4A0C-ADB6-941F091F9B7B}.Debug|x64.ActiveCfg = Debug|Win32
		{3B9576B8-5E6A-4A0C-ADB6-941F091F9B7B}.Release DLL|Win32.ActiveCfg = Release|Win32
		{3B9576B8-5E6A-4A0C-ADB6-941F091F9B7B}.Release DLL|Win32.Build.0 = Release|Win32
		{3B9576B8-5E6A-4A0C-ADB6-941F091F9B7B}.Release DLL|x64.ActiveCfg = Release|Win32
		{3B9576B8-5E6A-4A0C-ADB6-941F091F9B7B}.Release DLL|x64.Build.0 = Release|Win32
		{3B9576B8-5E6A-4A0C-ADB6-941F091F9B7B}.Release|Win32.ActiveCfg = Release|Win32
		{3B9576B8-5E6A-4A0C-ADB6-941F091F9B7B}.Release|Win32.Build.0 = Release|Win32
		{3B9576B8-5E6A-4A0C-ADB6-941F091F9B7B}.Release|x64.ActiveCfg = Release|Win32
		{C047E8E4-3C40-4E5A-8066-D75E1123A0E1}.Debug DLL|Win32.ActiveCfg = Debug|Win32
		{C047E8E4-3C40-4E5A-8066-D75E1123A0E1}.Debug DLL|Win32.Build.0 = Debug|Win32
		{C047E8E4-3C40-4E5A-8066-D75E1123A0E1}.Debug DLL|x64.ActiveCfg = Debug|Win32
		{C047E8E4-3C40-4E5A-8066-D75E1123A0E1}.Debug DLL|x64.Build.0 = Debug|Win32
		{C047E8E4-3C40-4E5A-8066-D75E1123A0E1}.Debug|Win32.ActiveCfg = Debug|Win32
		{C047E8E4-3C40-4E5A-8066-D75E1123A0E1}.Debug|Win32.Build.0 = Debug|Win32
		{C047E8E4-3C40-4E5A-8066-D75E1123A0E1}.Debug|x64.ActiveCfg = Debug|Win32
		{C047E8E4-3C40-4E5A-8066-D75E1123A0E1}.Release DLL|Win32.ActiveCfg = Release|Win32
		{C047E8E4-3C40-4E5A-8066-D75E1123A0E1}.Release DLL|Win32.Build.0 = Release|Win32
		{C047E8E4-3C40-4E5A-8066-D75E1123A0E1}.Release DLL|x64.ActiveCfg = Debug|Win32
		{C047E8E4-3C40-4E5A-8066-D75E1123A0E1}.Release DLL|x64.Build.0 = Debug|Win32
		{C047E8E4-3C40-4E5A-8066-D75E1123A0E1}.Release|Win32.ActiveCfg = Release|Win32
		{C047E8E4-3C40-4E5A-8066-D75E1123A0E1}.Release|Win32.Build.0 = Release|Win32
		{C047E8E4-3C40-4E5A-8066-D75E1123A0E1}.Release|x64.ActiveCfg = Release|Win32
		{71709017-B1D0-4805-9F5E-8ECEDB858B62}.Debug DLL|Win32.ActiveCfg = Debug|Win32
		{71709017-B1D0-4805-9F5E-8ECEDB858B62}.Debug DLL|Win32.Build.0 = Debug|Win32
		{71709017-B1D0-4805-9F5E-8ECEDB858B62}.Debug DLL|x64.ActiveCfg = Debug|Win32
		{71709017-B1D0-4805-9F5E-8ECEDB858B62}.Debug DLL|x64.Build.0 = Debug|Win32
		{71709017-B1D0-4805-9F5E-8ECEDB858B62}.Debug|Win32.ActiveCfg = Debug|Win32
		{71709017-B1D0-4805-9F5E-8ECEDB858B62}.Debug|Win32.Build.0 = Debug|Win32
		{71709017-B1D0-4805-9F5E-8ECEDB858B62}.Debug|x64.ActiveCfg = Debug|Win32
		{71709017-B1D0-4805-9F5E-8ECEDB858B62}.Release DLL|Win32.ActiveCfg = Release|Win32
		{71709017-B1D0-4805-9F5E-8ECEDB858B62}.Release DLL|Win32.Build.0 = Release|Win32
		{71709017-B1D0-4805-9F5E-8ECEDB858B62}.Release DLL|x64.ActiveCfg = Debug|Win32
		{71709017-B1D0-4805-9F5E-8ECEDB858B62}.Release DLL|x64.Build.0 = Debug|Win32
		{71709017-B1D0-4805-9F5E-8ECEDB858B62}.Release|Win32.ActiveCfg = Release|Win32
		{71709017-B1D0-4805-9F5E-8ECEDB858B62}.Release|Win32.Build.0 = Release|Win32
		{71709017-B1D0-4805-9F5E-8ECEDB858B62}.Release|x64.ActiveCfg = Release|Win32
		{0FA29698-0D88-403D-ACF0-8C1EF13294EC}.Debug DLL|Win32.ActiveCfg = Debug|Win32
		{0FA29698-0D88-403D-ACF0-8C1EF13294EC}.Debug DLL|Win32.Build.0 = Debug|Win32
		{0FA29698-0D88-403D-ACF0-8C1EF13294EC}.Debug DLL|x64.ActiveCfg = Debug|Win32
		{0FA29698-0D88-403D-ACF0-8C1EF13294EC}.Debug DLL|x64.Build.0 = Debug|Win32
		{0FA29698-0D88-403D-ACF0-8C1EF13294EC}.Debug|Win32.ActiveCfg = Debug|Win32
		{0FA29698-0D88-403D-ACF0-8C1EF13294EC}.Debug|Win32.Build.0 = Debug|Win32
		{0FA29698-0D88-403D-ACF0-8C1EF13294EC}.Debug|x64.ActiveCfg = Debug|Win32
		{0FA29698-0D88-403D-ACF0-8C1EF13294EC}.Release DLL|Win32.ActiveCfg = Release|Win32
		{0FA29698-0D88-403D-ACF0-8C1EF13294EC}.Release DLL|Win32.Build.0 = Release|Win32
		{0FA29698-0D88-403D-ACF0-8C1EF13294EC}.Release DLL|x64.ActiveCfg = Debug|Win32
		{0FA29698-0D88-403D-ACF0-8C1EF13294EC}.Release DLL|x64.Build.0 = Debug|Win32
		{0FA29698-0D88-403D-ACF0-8C1EF13294EC}.Release|Win32.ActiveCfg = Release|Win32
		{0FA29698-0D88-403D-ACF0-8C1EF13294EC}.Release|Win32.Build.0 = Release|Win32
		{0FA29698-0D88-403D-ACF0-8C1EF13294EC}.Release|x64.ActiveCfg = Release|Win32
		{B351504D-E507-4CF9-B793-C4A87B73D894}.Debug DLL|Win32.ActiveCfg = Debug|Win32
		{B351504D-E507-4CF9-B793-C4A87B73D894}.Debug DLL|Win32.Build.0 = Debug|Win32
		{B351504D-E507-4CF9-B793-C4A87B73D894}.Debug DLL|x64.ActiveCfg = Debug|Win32
		{B351504D-E507-4CF9-B793-C4A87B73D894}.Debug DLL|x64.Build.0 = Debug|Win32
		{B351504D-E507-4CF9-B793-C4A87B73D894}.Debug|Win32.ActiveCfg = Debug|Win32
		{B351504D-E507-4CF9-B793-C4A87B73D894}.Debug|Win32.Build.0 = Debug|Win32
		{B351504D-E507-4CF9-B793-C4A87B73D894}.Debug|x64.ActiveCfg = Debug|Win32
		{B351504D-E507-4CF9-B793-C4A87B73D894}.Release DLL|Win32.ActiveCfg = Release|Win32
		{B351504D-E507-4CF9-B793-C4A87B73D894}.Release DLL|Win32.Build.0 = Release|Win32
		{B351504D-E507-4CF9-B793-C4A87B73D894}.Release DLL|x64.ActiveCfg = Debug|Win32
		{B351504D-E507-4CF9-B793-C4A87B73D894}.Release DLL|x64.Build.0 = Debug|Win32
		{B351504D-E507-4CF9-B793-C4A87B73D894}.Release|Win32.ActiveCfg = Release|Win32
		{B351504D-E507-4CF9-B793-C4A87B73D894}.Release|Win32.Build.0 = Release|Win32
		{B351504D-E507-4CF9-B793-C4A87B73D894}.Release|x64.ActiveCfg = Release|Win32
		{986E4103-B9ED-4705-B9CE-4F0FC593D138}.Debug DLL|Win32.ActiveCfg = Debug|Win32
		{986E4103-B9ED-4705-B9CE-4F0FC593D138}.Debug DLL|Win32.Build.0 = Debug|Win32
		{986E4103-B9ED-4705-B9CE-4F0FC593D138}.Debug DLL|x64.ActiveCfg = Debug|Win32
		{986E4103-B9ED-4705-B9CE-4F0FC593D138}.Debug DLL|x64.Build.0 = Debug|Win32
		{986E4103-B9ED-4705-B9CE-4F0FC593D138}.Debug|Win32.ActiveCfg = Debug|Win32
		{986E4103-B9ED-4705-B9CE-4F0FC593D138}.Debug|Win32.Build.0 = Debug|Win32
		{986E4103-B9ED-4705-B9CE-4F0FC593D138}.Debug|x64.ActiveCfg = Debug|Win32
		{986E4103-B9ED-4705-B9CE-4F0FC593D138}.Release DLL|Win32.ActiveCfg = Release|Win32
		{986E4103-B9ED-4705-B9CE-4F0FC593D138}.Release DLL|Win32.Build.0 = Release|Win32
		{986E4103-B9ED-4705-B9CE-4F0FC593D138}.Release DLL|x64.ActiveCfg = Debug|Win32
		{986E4103-B9ED-4705-B9CE-4F0FC593D138}.Release DLL|x64.Build.0 = Debug|Win32
		{986E4103-B9ED-4705-B9CE-4F0FC593D138}.Release|Win32.ActiveCfg = Release|Win32
		{986E4103-B9ED-4705-B9CE-4F0FC593D138}.Release|Win32.Build.0 = Release|Win32
		{986E4103-B9ED-4705-B9CE-4F0FC593D138}.Release|x64.ActiveCfg = Release|Win32
		{ACE9E666-D5B9-4AA1-B0BA-A5A76C1AFF53}.Debug DLL|Win32.ActiveCfg = Debug|Win32
		{ACE9E666-D5B9-4AA1-B0BA-A5A76C1AFF53}.Debug DLL|Win32.Build.0 = Debug|Win32
		{ACE9E666-D5B9-4AA1-B0BA-A5A76C1AFF53}.Debug DLL|x64.ActiveCfg = Debug|Win32
		{ACE9E666-D5B9-4AA1-B0BA-A5A76C1AFF53}.Debug DLL|x64.Build.0 = Debug|Win32
		{ACE9E666-D5B9-4AA1-B0BA-A5A76C1AFF53}.Debug|Win32.ActiveCfg = Debug|Win32
		{ACE9E666-D5B9-4AA1-B0BA-A5A76C1AFF53}.Debug|Win32.Build.0 = Debug|Win32
		{ACE9E666-D5B9-4AA1-B0BA-A5A76C1AFF53}.Debug|x64.ActiveCfg = Debug|Win32
		{ACE9E666-D5B9-4AA1-B0BA-A5A76C1AFF53}.Release DLL|Win32.ActiveCfg = Release|Win32
		{ACE9E666-D5B9-4AA1-B0BA-A5A76C1AFF53}.Release DLL|Win32.Build.0 = Release|Win32
		{ACE9E666-D5B9-4AA1-B0BA-A5A76C1AFF53}.Release DLL|x64.ActiveCfg = Debug|Win32
		{ACE9E666-D5B9-4AA1-B0BA-A5A76C1AFF53}.Release DLL|x64.Build.0 = Debug|Win32
		{ACE9E666-D5B9-4AA1-B0BA-A5A76C1AFF53}.Release|Win32.ActiveCfg = Release|Win32
		{ACE9E666-D5B9-4AA1-B0BA-A5A76C1AFF53}.Release|Win32.Build.0 = Release|Win32
		{ACE9E666-D5B9-4AA1-B0BA-A5A76C1AFF53}.Release|x64.ActiveCfg = Release|Win32
		{ED11B091-AF05-4ECC-8B7F-F90F98944454}.Debug DLL|Win32.ActiveCfg = Debug|Win32
		{ED11B091-AF05-4ECC-8B7F-F90F98944454}.Debug DLL|Win32.Build.0 = Debug|Win32
		{ED11B091-AF05-4ECC-8B7F-F90F98944454}.Debug DLL|x64.ActiveCfg = Debug|Win32
		{ED11B091-AF05-4ECC-8B7F-F90F98944454}.Debug DLL|x64.Build.0 = Debug|Win32
		{ED11B091-AF05-4ECC-8B7F-F90F98944454}.Debug|Win32.ActiveCfg = Debug|Win32
		{ED11B091-AF05-4ECC-8B7F-F90F98944454}.Debug|Win32.Build.0 = Debug|Win32
		{ED11B091-AF05-4ECC-8B7F-F90F98944454}.Debug|x64.ActiveCfg = Debug|Win32
		{ED11B091-AF05-4ECC-8B7F-F90F98944454}.Release DLL|Win32.ActiveCfg = Release|Win32
		{ED11B091-AF05-4ECC-8B7F-F90F98944454}.Release DLL|Win32.Build.0 = Release|Win32
		{ED11B091-AF05-4ECC-8B7F-F90F98944454}.Release DLL|x64.ActiveCfg = Debug|Win32
		{ED11B091-AF05-4ECC-8B7F-F90F98944454}.Release DLL|x64.Build.0 = Debug|Win32
		{ED11B091-AF05-4ECC-8B7F-F90F98944454}.Release|Win32.ActiveCfg = Release|Win32
		{ED11B091-AF05-4ECC-8B7F-F90F98944454}.Release|Win32.Build.0 = Release|Win32
		{ED11B091-AF05-4ECC-8B7F-F90F98944454}.Release|x64.ActiveCfg = Release|Win32
		{6AA70C22-1335-4277-8BC2-0D61D596E5FF}.Debug DLL|Win32.ActiveCfg = Debug|Win32
		{6AA70C22-1335-4277-8BC2-0D61D596E5FF}.Debug DLL|Win32.Build.0 = Debug|Win32
		{6AA70C22-1335-4277-8BC2-0D61D596E5FF}.Debug DLL|x64.ActiveCfg = Debug|Win32
		{6AA70C22-1335-4277-8BC2-0D61D596E5FF}.Debug DLL|x64.Build.0 = Debug|Win32
		{6AA70C22-1335-4277-8BC2-0D61D596E5FF}.Debug|Win32.ActiveCfg = Debug|Win32
		{6AA70C22-1335-4277-8BC2-0D61D596E5FF}.Debug|Win32.Build.0 = Debug|Win32
		{6AA70C22-1335-4277-8BC2-0D61D596E5FF}.Debug|x64.ActiveCfg = Debug|Win32
		{6AA70C22-1335-4277-8BC2-0D61D596E5FF}.Release DLL|Win32.ActiveCfg = Release|Win32
		{6AA70C22-1335-4277-8BC2-0D61D596E5FF}.Release DLL|Win32.Build.0 = Release|Win32
		{6AA70C22-1335-4277-8BC2-0D61D596E5FF}.Release DLL|x64.ActiveCfg = Debug|Win32
		{6AA70C22-1335-4277-8BC2-0D61D596E5FF}.Release DLL|x64.Build.0 = Debug|Win32
		{6AA70C22-1335-4277-8BC2-0D61D596E5FF}.Release|Win32.ActiveCfg = Release|Win32
		{6AA70C22-1335-4277-8BC2-0D61D596E5FF}.Release|Win32.Build.0 = Release|Win32
		{6AA70C22-1335-4277-8BC2-0D61D596E5FF}.Release|x64.ActiveCfg = Release|Win32
		{19A429F1-88A0-45AA-BEFB-D6E05EB82B8B}.Debug DLL|Win32.ActiveCfg = Debug|Win32
		{19A429F1-88A0-45AA-BEFB-D6E05EB82B8B}.Debug DLL|Win32.Build.0 = Debug|Win32
		{19A429F1-88A0-45AA-BEFB-D6E05EB82B8B}.Debug DLL|x64.ActiveCfg = Debug|Win32
		{19A429F1-88A0-45AA-BEFB-D6E05EB82B8B}.Debug DLL|x64.Build.0 = Debug|Win32
		{19A429F1-88A0-45AA-BEFB-D6E05EB82B8B}.Debug|Win32.ActiveCfg = Debug|Win32
		{19A429F1-88A0-45AA-BEFB-D6E05EB82B8B}.Debug|Win32.Build.0 = Debug|Win32
		{19A429F1-88A0-45AA-BEFB-D6E05EB82B8B}.Debug|x64.ActiveCfg = Debug|Win32
		{19A429F1-88A0-45AA-BEFB-D6E05EB82B8B}.Release DLL|Win32.ActiveCfg = Release|Win32
		{19A429F1-88A0-45AA-BEFB-D6E05EB82B8B}.Release DLL|Win32.Build.0 = Release|Win32
		{19A429F1-88A0-45AA-BEFB-D6E05EB82B8B}.Release DLL|x64.ActiveCfg = Debug|Win32
		{19A429F1-88A0-45AA-BEFB-D6E05EB82B8B}.Release DLL|x64.Build.0 = Debug|Win32
		{19A429F1-88A0-45AA-BEFB-D6E05EB82B8B}.Release|Win32.ActiveCfg = Release|Win32
		{19A429F1-88A0-45AA-BEFB-D6E05EB82B8B}.Release|Win32.Build.0 = Release|Win32
		{19A429F1-88A0-45AA-BEFB-D6E05EB82B8B}.Release|x64.ActiveCfg = Release|Win32
		{00E87CC2-17C1-44B1-AD91-48A7DF5DAEF3}.Debug DLL|Win32.ActiveCfg = Debug|Win32
		{00E87CC2-17C1-44B1-AD91-48A7DF5DAEF3}.Debug DLL|Win32.Build.0 = Debug|Win32
		{00E87CC2-17C1-44B1-AD91-48A7DF5DAEF3}.Debug DLL|x64.ActiveCfg = Debug|Win32
		{00E87CC2-17C1-44B1-AD91-48A7DF5DAEF3}.Debug DLL|x64.Build.0 = Debug|Win32
		{00E87CC2-17C1-44B1-AD91-48A7DF5DAEF3}.Debug|Win32.ActiveCfg = Debug|Win32
		{00E87CC2-17C1-44B1-AD91-48A7DF5DAEF3}.Debug|Win32.Build.0 = Debug|Win32
		{00E87CC2-17C1-44B1-AD91-48A7DF5DAEF3}.Debug|x64.ActiveCfg = Debug|Win32
		{00E87CC2-17C1-44B1-AD91-48A7DF5DAEF3}.Release DLL|Win32.ActiveCfg = Release|Win32
		{00E87CC2-17C1-44B1-AD91-48A7DF5DAEF3}.Release DLL|Win32.Build.0 = Release|Win32
		{00E87CC2-17C1-44B1-AD91-48A7DF5DAEF3}.Release DLL|x64.ActiveCfg = Debug|Win32
		{00E87CC2-17C1-44B1-AD91-48A7DF5DAEF3}.Release DLL|x64.Build.0 = Debug|Win32
		{00E87CC2-17C1-44B1-AD91-48A7DF5DAEF3}.Release|Win32.ActiveCfg = Release|Win32
		{00E87CC2-17C1-44B1-AD91-48A7DF5DAEF3}.Release|Win32.Build.0 = Release|Win32
		{00E87CC2-17C1-44B1-AD91-48A7DF5DAEF3}.Release|x64.ActiveCfg = Release|Win32
	EndGlobalSection
	GlobalSection(SolutionProperties) = preSolution
		HideSolutionNode = FALSE
	EndGlobalSection
	GlobalSection(ExtensibilityGlobals) = postSolution
		SolutionGuid = {5C28A14E-4B37-40C1-9A8E-FECB32DA6E1F}
	EndGlobalSection
EndGlobal
