
Microsoft Visual Studio Solution File, Format Version 12.00
# Visual Studio Version 17
VisualStudioVersion = 17.1.32421.90
MinimumVisualStudioVersion = 10.0.40219.1
Project("{2150E333-8FDC-42A3-9474-1A3956D46DE8}") = "Solution Items", "Solution Items", "{FFD2D18E-DD22-4350-A49D-2FBC755392AD}"
EndProject
Project("{8BC9CEB8-8B4A-11D0-8D11-00A0C91BC942}") = "Porphyrograph_core_GN", "Porphyrograph_core_GN.vcxproj", "{2DE2BB65-9683-4D41-B688-E506C969DFB0}"
EndProject
Project("{8BC9CEB8-8B4A-11D0-8D11-00A0C91BC942}") = "Porphyrograph_core_voluspa", "Porphyrograph_core_voluspa.vcxproj", "{986E4103-B9ED-4705-B9CE-4F0FC593D138}"
EndProject
Project("{8BC9CEB8-8B4A-11D0-8D11-00A0C91BC942}") = "Porphyrograph_core_CavernePlaton", "Porphyrograph_core_CavernePlaton.vcxproj", "{905FC381-0C19-4A90-9141-8C0CC6F8ACD3}"
EndProject
Project("{8BC9CEB8-8B4A-11D0-8D11-00A0C91BC942}") = "Porphyrograph_core_Tempete", "Porphyrograph_core_Tempete.vcxproj", "{DC85237C-386C-4E5B-919E-83D2C4F35AA7}"
EndProject
Project("{8BC9CEB8-8B4A-11D0-8D11-00A0C91BC942}") = "Porphyrograph_core_araknit", "Porphyrograph_core_araknit.vcxproj", "{15D2B474-190D-4532-B11D-DF2557452820}"
EndProject
Project("{8BC9CEB8-8B4A-11D0-8D11-00A0C91BC942}") = "Porphyrograph_core_Rivets", "Porphyrograph_core_Rivets.vcxproj", "{6C3A7001-FE26-4699-BCC1-B1D279A0BCDC}"
EndProject
Project("{8BC9CEB8-8B4A-11D0-8D11-00A0C91BC942}") = "Porphyrograph_core_Pierres", "Porphyrograph_core_Pierres.vcxproj", "{3F662C49-E36C-48C1-8622-D381A3594D7E}"
EndProject
Project("{8BC9CEB8-8B4A-11D0-8D11-00A0C91BC942}") = "Porphyrograph_core_AteliersEnfants", "Porphyrograph_core_AteliersEnfants.vcxproj", "{B67A9097-B378-40AB-87D9-BFC0F277DDEF}"
EndProject
Project("{8BC9CEB8-8B4A-11D0-8D11-00A0C91BC942}") = "Porphyrograph_core_Song", "Porphyrograph_core_SONG.vcxproj", "{64002AFA-142B-469C-971F-394E0A0FCD73}"
EndProject
Project("{8BC9CEB8-8B4A-11D0-8D11-00A0C91BC942}") = "Porphyrograph_core_SoundInitiative", "Porphyrograph_core_SoundInitiative.vcxproj", "{141A4894-A8F2-4C0C-AC1A-2B81D74A3F0A}"
EndProject
Project("{8BC9CEB8-8B4A-11D0-8D11-00A0C91BC942}") = "Porphyrograph_core_Foret", "Porphyrograph_core_Foret.vcxproj", "{6E42843E-4E7A-43B2-9F49-B0A01E99E4A1}"
EndProject
Project("{8BC9CEB8-8B4A-11D0-8D11-00A0C91BC942}") = "Porphyrograph_core_Light", "Porphyrograph_core_Light.vcxproj", "{CE4FDFCF-5DAA-40B1-8730-927B2489D0CA}"
EndProject
Project("{8BC9CEB8-8B4A-11D0-8D11-00A0C91BC942}") = "Porphyrograph_core_alKemi", "Porphyrograph_core_alKemi.vcxproj", "{FF64FA29-181B-43F3-9BB6-1CB46B4508A2}"
EndProject
Project("{8BC9CEB8-8B4A-11D0-8D11-00A0C91BC942}") = "Porphyrograph_core_Enso", "Porphyrograph_core_Enso.vcxproj", "{336773F1-D628-4199-A615-D1179AFE5326}"
EndProject
Project("{8BC9CEB8-8B4A-11D0-8D11-00A0C91BC942}") = "Porphyrograph_core_Core", "Porphyrograph_core_Core.vcxproj", "{6C8EC3A3-8B8F-4B95-92E3-F4275A221CCD}"
EndProject
Project("{8BC9CEB8-8B4A-11D0-8D11-00A0C91BC942}") = "Porphyrograph_core_PierresArch", "Porphyrograph_core_PierresArch.vcxproj", "{FFC2863C-E3B6-4F39-803F-39943D948C07}"
EndProject
Global
	GlobalSection(SolutionConfigurationPlatforms) = preSolution
		Debug DLL|Win32 = Debug DLL|Win32
		Debug DLL|x64 = Debug DLL|x64
		Debug|Win32 = Debug|Win32
		Debug|x64 = Debug|x64
		Release DLL|Win32 = Release DLL|Win32
		Release DLL|x64 = Release DLL|x64
		Release|Win32 = Release|Win32
		Release|x64 = Release|x64
	EndGlobalSection
	GlobalSection(ProjectConfigurationPlatforms) = postSolution
		{2DE2BB65-9683-4D41-B688-E506C969DFB0}.Debug DLL|Win32.ActiveCfg = Debug|Win32
		{2DE2BB65-9683-4D41-B688-E506C969DFB0}.Debug DLL|Win32.Build.0 = Debug|Win32
		{2DE2BB65-9683-4D41-B688-E506C969DFB0}.Debug DLL|x64.ActiveCfg = Debug|Win32
		{2DE2BB65-9683-4D41-B688-E506C969DFB0}.Debug DLL|x64.Build.0 = Debug|Win32
		{2DE2BB65-9683-4D41-B688-E506C969DFB0}.Debug|Win32.ActiveCfg = Debug|Win32
		{2DE2BB65-9683-4D41-B688-E506C969DFB0}.Debug|Win32.Build.0 = Debug|Win32
		{2DE2BB65-9683-4D41-B688-E506C969DFB0}.Debug|x64.ActiveCfg = Debug|Win32
		{2DE2BB65-9683-4D41-B688-E506C969DFB0}.Release DLL|Win32.ActiveCfg = Release|Win32
		{2DE2BB65-9683-4D41-B688-E506C969DFB0}.Release DLL|Win32.Build.0 = Release|Win32
		{2DE2BB65-9683-4D41-B688-E506C969DFB0}.Release DLL|x64.ActiveCfg = Debug|Win32
		{2DE2BB65-9683-4D41-B688-E506C969DFB0}.Release DLL|x64.Build.0 = Debug|Win32
		{2DE2BB65-9683-4D41-B688-E506C969DFB0}.Release|Win32.ActiveCfg = Release|Win32
		{2DE2BB65-9683-4D41-B688-E506C969DFB0}.Release|Win32.Build.0 = Release|Win32
		{2DE2BB65-9683-4D41-B688-E506C969DFB0}.Release|x64.ActiveCfg = Release|Win32
		{986E4103-B9ED-4705-B9CE-4F0FC593D138}.Debug DLL|Win32.ActiveCfg = Debug|Win32
		{986E4103-B9ED-4705-B9CE-4F0FC593D138}.Debug DLL|Win32.Build.0 = Debug|Win32
		{986E4103-B9ED-4705-B9CE-4F0FC593D138}.Debug DLL|x64.ActiveCfg = Debug|Win32
		{986E4103-B9ED-4705-B9CE-4F0FC593D138}.Debug DLL|x64.Build.0 = Debug|Win32
		{986E4103-B9ED-4705-B9CE-4F0FC593D138}.Debug|Win32.ActiveCfg = Debug|Win32
		{986E4103-B9ED-4705-B9CE-4F0FC593D138}.Debug|Win32.Build.0 = Debug|Win32
		{986E4103-B9ED-4705-B9CE-4F0FC593D138}.Debug|x64.ActiveCfg = Debug|Win32
		{986E4103-B9ED-4705-B9CE-4F0FC593D138}.Release DLL|Win32.ActiveCfg = Release|Win32
		{986E4103-B9ED-4705-B9CE-4F0FC593D138}.Release DLL|Win32.Build.0 = Release|Win32
		{986E4103-B9ED-4705-B9CE-4F0FC593D138}.Release DLL|x64.ActiveCfg = Debug|Win32
		{986E4103-B9ED-4705-B9CE-4F0FC593D138}.Release DLL|x64.Build.0 = Debug|Win32
		{986E4103-B9ED-4705-B9CE-4F0FC593D138}.Release|Win32.ActiveCfg = Release|Win32
		{986E4103-B9ED-4705-B9CE-4F0FC593D138}.Release|Win32.Build.0 = Release|Win32
		{986E4103-B9ED-4705-B9CE-4F0FC593D138}.Release|x64.ActiveCfg = Release|Win32
		{905FC381-0C19-4A90-9141-8C0CC6F8ACD3}.Debug DLL|Win32.ActiveCfg = Debug|Win32
		{905FC381-0C19-4A90-9141-8C0CC6F8ACD3}.Debug DLL|Win32.Build.0 = Debug|Win32
		{905FC381-0C19-4A90-9141-8C0CC6F8ACD3}.Debug DLL|x64.ActiveCfg = Debug|Win32
		{905FC381-0C19-4A90-9141-8C0CC6F8ACD3}.Debug DLL|x64.Build.0 = Debug|Win32
		{905FC381-0C19-4A90-9141-8C0CC6F8ACD3}.Debug|Win32.ActiveCfg = Debug|Win32
		{905FC381-0C19-4A90-9141-8C0CC6F8ACD3}.Debug|Win32.Build.0 = Debug|Win32
		{905FC381-0C19-4A90-9141-8C0CC6F8ACD3}.Debug|x64.ActiveCfg = Debug|Win32
		{905FC381-0C19-4A90-9141-8C0CC6F8ACD3}.Release DLL|Win32.ActiveCfg = Release|Win32
		{905FC381-0C19-4A90-9141-8C0CC6F8ACD3}.Release DLL|Win32.Build.0 = Release|Win32
		{905FC381-0C19-4A90-9141-8C0CC6F8ACD3}.Release DLL|x64.ActiveCfg = Debug|Win32
		{905FC381-0C19-4A90-9141-8C0CC6F8ACD3}.Release DLL|x64.Build.0 = Debug|Win32
		{905FC381-0C19-4A90-9141-8C0CC6F8ACD3}.Release|Win32.ActiveCfg = Release|Win32
		{905FC381-0C19-4A90-9141-8C0CC6F8ACD3}.Release|Win32.Build.0 = Release|Win32
		{905FC381-0C19-4A90-9141-8C0CC6F8ACD3}.Release|x64.ActiveCfg = Release|Win32
		{DC85237C-386C-4E5B-919E-83D2C4F35AA7}.Debug DLL|Win32.ActiveCfg = Debug|Win32
		{DC85237C-386C-4E5B-919E-83D2C4F35AA7}.Debug DLL|Win32.Build.0 = Debug|Win32
		{DC85237C-386C-4E5B-919E-83D2C4F35AA7}.Debug DLL|x64.ActiveCfg = Debug|Win32
		{DC85237C-386C-4E5B-919E-83D2C4F35AA7}.Debug DLL|x64.Build.0 = Debug|Win32
		{DC85237C-386C-4E5B-919E-83D2C4F35AA7}.Debug|Win32.ActiveCfg = Debug|Win32
		{DC85237C-386C-4E5B-919E-83D2C4F35AA7}.Debug|Win32.Build.0 = Debug|Win32
		{DC85237C-386C-4E5B-919E-83D2C4F35AA7}.Debug|x64.ActiveCfg = Debug|Win32
		{DC85237C-386C-4E5B-919E-83D2C4F35AA7}.Release DLL|Win32.ActiveCfg = Release|Win32
		{DC85237C-386C-4E5B-919E-83D2C4F35AA7}.Release DLL|Win32.Build.0 = Release|Win32
		{DC85237C-386C-4E5B-919E-83D2C4F35AA7}.Release DLL|x64.ActiveCfg = Debug|Win32
		{DC85237C-386C-4E5B-919E-83D2C4F35AA7}.Release DLL|x64.Build.0 = Debug|Win32
		{DC85237C-386C-4E5B-919E-83D2C4F35AA7}.Release|Win32.ActiveCfg = Release|Win32
		{DC85237C-386C-4E5B-919E-83D2C4F35AA7}.Release|Win32.Build.0 = Release|Win32
		{DC85237C-386C-4E5B-919E-83D2C4F35AA7}.Release|x64.ActiveCfg = Release|Win32
		{15D2B474-190D-4532-B11D-DF2557452820}.Debug DLL|Win32.ActiveCfg = Debug|Win32
		{15D2B474-190D-4532-B11D-DF2557452820}.Debug DLL|Win32.Build.0 = Debug|Win32
		{15D2B474-190D-4532-B11D-DF2557452820}.Debug DLL|x64.ActiveCfg = Debug|Win32
		{15D2B474-190D-4532-B11D-DF2557452820}.Debug DLL|x64.Build.0 = Debug|Win32
		{15D2B474-190D-4532-B11D-DF2557452820}.Debug|Win32.ActiveCfg = Debug|Win32
		{15D2B474-190D-4532-B11D-DF2557452820}.Debug|Win32.Build.0 = Debug|Win32
		{15D2B474-190D-4532-B11D-DF2557452820}.Debug|x64.ActiveCfg = Debug|Win32
		{15D2B474-190D-4532-B11D-DF2557452820}.Release DLL|Win32.ActiveCfg = Release|Win32
		{15D2B474-190D-4532-B11D-DF2557452820}.Release DLL|Win32.Build.0 = Release|Win32
		{15D2B474-190D-4532-B11D-DF2557452820}.Release DLL|x64.ActiveCfg = Debug|Win32
		{15D2B474-190D-4532-B11D-DF2557452820}.Release DLL|x64.Build.0 = Debug|Win32
		{15D2B474-190D-4532-B11D-DF2557452820}.Release|Win32.ActiveCfg = Release|Win32
		{15D2B474-190D-4532-B11D-DF2557452820}.Release|Win32.Build.0 = Release|Win32
		{15D2B474-190D-4532-B11D-DF2557452820}.Release|x64.ActiveCfg = Release|Win32
		{6C3A7001-FE26-4699-BCC1-B1D279A0BCDC}.Debug DLL|Win32.ActiveCfg = Debug|Win32
		{6C3A7001-FE26-4699-BCC1-B1D279A0BCDC}.Debug DLL|Win32.Build.0 = Debug|Win32
		{6C3A7001-FE26-4699-BCC1-B1D279A0BCDC}.Debug DLL|x64.ActiveCfg = Release|Win32
		{6C3A7001-FE26-4699-BCC1-B1D279A0BCDC}.Debug DLL|x64.Build.0 = Release|Win32
		{6C3A7001-FE26-4699-BCC1-B1D279A0BCDC}.Debug|Win32.ActiveCfg = Debug|Win32
		{6C3A7001-FE26-4699-BCC1-B1D279A0BCDC}.Debug|Win32.Build.0 = Debug|Win32
		{6C3A7001-FE26-4699-BCC1-B1D279A0BCDC}.Debug|x64.ActiveCfg = Debug|Win32
		{6C3A7001-FE26-4699-BCC1-B1D279A0BCDC}.Release DLL|Win32.ActiveCfg = Release|Win32
		{6C3A7001-FE26-4699-BCC1-B1D279A0BCDC}.Release DLL|Win32.Build.0 = Release|Win32
		{6C3A7001-FE26-4699-BCC1-B1D279A0BCDC}.Release DLL|x64.ActiveCfg = Release|Win32
		{6C3A7001-FE26-4699-BCC1-B1D279A0BCDC}.Release DLL|x64.Build.0 = Release|Win32
		{6C3A7001-FE26-4699-BCC1-B1D279A0BCDC}.Release|Win32.ActiveCfg = Release|Win32
		{6C3A7001-FE26-4699-BCC1-B1D279A0BCDC}.Release|Win32.Build.0 = Release|Win32
		{6C3A7001-FE26-4699-BCC1-B1D279A0BCDC}.Release|x64.ActiveCfg = Release|Win32
		{3F662C49-E36C-48C1-8622-D381A3594D7E}.Debug DLL|Win32.ActiveCfg = Debug|Win32
		{3F662C49-E36C-48C1-8622-D381A3594D7E}.Debug DLL|Win32.Build.0 = Debug|Win32
		{3F662C49-E36C-48C1-8622-D381A3594D7E}.Debug DLL|x64.ActiveCfg = Release|Win32
		{3F662C49-E36C-48C1-8622-D381A3594D7E}.Debug DLL|x64.Build.0 = Release|Win32
		{3F662C49-E36C-48C1-8622-D381A3594D7E}.Debug|Win32.ActiveCfg = Debug|Win32
		{3F662C49-E36C-48C1-8622-D381A3594D7E}.Debug|Win32.Build.0 = Debug|Win32
		{3F662C49-E36C-48C1-8622-D381A3594D7E}.Debug|x64.ActiveCfg = Debug|Win32
		{3F662C49-E36C-48C1-8622-D381A3594D7E}.Release DLL|Win32.ActiveCfg = Release|Win32
		{3F662C49-E36C-48C1-8622-D381A3594D7E}.Release DLL|Win32.Build.0 = Release|Win32
		{3F662C49-E36C-48C1-8622-D381A3594D7E}.Release DLL|x64.ActiveCfg = Release|Win32
		{3F662C49-E36C-48C1-8622-D381A3594D7E}.Release DLL|x64.Build.0 = Release|Win32
		{3F662C49-E36C-48C1-8622-D381A3594D7E}.Release|Win32.ActiveCfg = Release|Win32
		{3F662C49-E36C-48C1-8622-D381A3594D7E}.Release|Win32.Build.0 = Release|Win32
		{3F662C49-E36C-48C1-8622-D381A3594D7E}.Release|x64.ActiveCfg = Release|Win32
		{B67A9097-B378-40AB-87D9-BFC0F277DDEF}.Debug DLL|Win32.ActiveCfg = Debug|Win32
		{B67A9097-B378-40AB-87D9-BFC0F277DDEF}.Debug DLL|Win32.Build.0 = Debug|Win32
		{B67A9097-B378-40AB-87D9-BFC0F277DDEF}.Debug DLL|x64.ActiveCfg = Release|Win32
		{B67A9097-B378-40AB-87D9-BFC0F277DDEF}.Debug DLL|x64.Build.0 = Release|Win32
		{B67A9097-B378-40AB-87D9-BFC0F277DDEF}.Debug|Win32.ActiveCfg = Debug|Win32
		{B67A9097-B378-40AB-87D9-BFC0F277DDEF}.Debug|Win32.Build.0 = Debug|Win32
		{B67A9097-B378-40AB-87D9-BFC0F277DDEF}.Debug|x64.ActiveCfg = Debug|Win32
		{B67A9097-B378-40AB-87D9-BFC0F277DDEF}.Release DLL|Win32.ActiveCfg = Release|Win32
		{B67A9097-B378-40AB-87D9-BFC0F277DDEF}.Release DLL|Win32.Build.0 = Release|Win32
		{B67A9097-B378-40AB-87D9-BFC0F277DDEF}.Release DLL|x64.ActiveCfg = Release|Win32
		{B67A9097-B378-40AB-87D9-BFC0F277DDEF}.Release DLL|x64.Build.0 = Release|Win32
		{B67A9097-B378-40AB-87D9-BFC0F277DDEF}.Release|Win32.ActiveCfg = Release|Win32
		{B67A9097-B378-40AB-87D9-BFC0F277DDEF}.Release|Win32.Build.0 = Release|Win32
		{B67A9097-B378-40AB-87D9-BFC0F277DDEF}.Release|x64.ActiveCfg = Release|Win32
		{64002AFA-142B-469C-971F-394E0A0FCD73}.Debug DLL|Win32.ActiveCfg = Debug|Win32
		{64002AFA-142B-469C-971F-394E0A0FCD73}.Debug DLL|Win32.Build.0 = Debug|Win32
		{64002AFA-142B-469C-971F-394E0A0FCD73}.Debug DLL|x64.ActiveCfg = Debug|Win32
		{64002AFA-142B-469C-971F-394E0A0FCD73}.Debug DLL|x64.Build.0 = Debug|Win32
		{64002AFA-142B-469C-971F-394E0A0FCD73}.Debug|Win32.ActiveCfg = Debug|Win32
		{64002AFA-142B-469C-971F-394E0A0FCD73}.Debug|Win32.Build.0 = Debug|Win32
		{64002AFA-142B-469C-971F-394E0A0FCD73}.Debug|x64.ActiveCfg = Debug|Win32
		{64002AFA-142B-469C-971F-394E0A0FCD73}.Release DLL|Win32.ActiveCfg = Release|Win32
		{64002AFA-142B-469C-971F-394E0A0FCD73}.Release DLL|Win32.Build.0 = Release|Win32
		{64002AFA-142B-469C-971F-394E0A0FCD73}.Release DLL|x64.ActiveCfg = Debug|Win32
		{64002AFA-142B-469C-971F-394E0A0FCD73}.Release DLL|x64.Build.0 = Debug|Win32
		{64002AFA-142B-469C-971F-394E0A0FCD73}.Release|Win32.ActiveCfg = Release|Win32
		{64002AFA-142B-469C-971F-394E0A0FCD73}.Release|Win32.Build.0 = Release|Win32
		{64002AFA-142B-469C-971F-394E0A0FCD73}.Release|x64.ActiveCfg = Release|Win32
		{141A4894-A8F2-4C0C-AC1A-2B81D74A3F0A}.Debug DLL|Win32.ActiveCfg = Debug|Win32
		{141A4894-A8F2-4C0C-AC1A-2B81D74A3F0A}.Debug DLL|Win32.Build.0 = Debug|Win32
		{141A4894-A8F2-4C0C-AC1A-2B81D74A3F0A}.Debug DLL|x64.ActiveCfg = Release|Win32
		{141A4894-A8F2-4C0C-AC1A-2B81D74A3F0A}.Debug DLL|x64.Build.0 = Release|Win32
		{141A4894-A8F2-4C0C-AC1A-2B81D74A3F0A}.Debug|Win32.ActiveCfg = Debug|Win32
		{141A4894-A8F2-4C0C-AC1A-2B81D74A3F0A}.Debug|Win32.Build.0 = Debug|Win32
		{141A4894-A8F2-4C0C-AC1A-2B81D74A3F0A}.Debug|x64.ActiveCfg = Debug|Win32
		{141A4894-A8F2-4C0C-AC1A-2B81D74A3F0A}.Debug|x64.Build.0 = Debug|Win32
		{141A4894-A8F2-4C0C-AC1A-2B81D74A3F0A}.Release DLL|Win32.ActiveCfg = Release|Win32
		{141A4894-A8F2-4C0C-AC1A-2B81D74A3F0A}.Release DLL|Win32.Build.0 = Release|Win32
		{141A4894-A8F2-4C0C-AC1A-2B81D74A3F0A}.Release DLL|x64.ActiveCfg = Release|Win32
		{141A4894-A8F2-4C0C-AC1A-2B81D74A3F0A}.Release DLL|x64.Build.0 = Release|Win32
		{141A4894-A8F2-4C0C-AC1A-2B81D74A3F0A}.Release|Win32.ActiveCfg = Release|Win32
		{141A4894-A8F2-4C0C-AC1A-2B81D74A3F0A}.Release|Win32.Build.0 = Release|Win32
		{141A4894-A8F2-4C0C-AC1A-2B81D74A3F0A}.Release|x64.ActiveCfg = Release|Win32
		{141A4894-A8F2-4C0C-AC1A-2B81D74A3F0A}.Release|x64.Build.0 = Release|Win32
		{6E42843E-4E7A-43B2-9F49-B0A01E99E4A1}.Debug DLL|Win32.ActiveCfg = Debug|Win32
		{6E42843E-4E7A-43B2-9F49-B0A01E99E4A1}.Debug DLL|Win32.Build.0 = Debug|Win32
		{6E42843E-4E7A-43B2-9F49-B0A01E99E4A1}.Debug DLL|x64.ActiveCfg = Debug|Win32
		{6E42843E-4E7A-43B2-9F49-B0A01E99E4A1}.Debug DLL|x64.Build.0 = Debug|Win32
		{6E42843E-4E7A-43B2-9F49-B0A01E99E4A1}.Debug|Win32.ActiveCfg = Debug|Win32
		{6E42843E-4E7A-43B2-9F49-B0A01E99E4A1}.Debug|Win32.Build.0 = Debug|Win32
		{6E42843E-4E7A-43B2-9F49-B0A01E99E4A1}.Debug|x64.ActiveCfg = Debug|Win32
		{6E42843E-4E7A-43B2-9F49-B0A01E99E4A1}.Debug|x64.Build.0 = Debug|Win32
		{6E42843E-4E7A-43B2-9F49-B0A01E99E4A1}.Release DLL|Win32.ActiveCfg = Release|Win32
		{6E42843E-4E7A-43B2-9F49-B0A01E99E4A1}.Release DLL|Win32.Build.0 = Release|Win32
		{6E42843E-4E7A-43B2-9F49-B0A01E99E4A1}.Release DLL|x64.ActiveCfg = Release|Win32
		{6E42843E-4E7A-43B2-9F49-B0A01E99E4A1}.Release DLL|x64.Build.0 = Release|Win32
		{6E42843E-4E7A-43B2-9F49-B0A01E99E4A1}.Release|Win32.ActiveCfg = Release|Win32
		{6E42843E-4E7A-43B2-9F49-B0A01E99E4A1}.Release|Win32.Build.0 = Release|Win32
		{6E42843E-4E7A-43B2-9F49-B0A01E99E4A1}.Release|x64.ActiveCfg = Release|Win32
		{6E42843E-4E7A-43B2-9F49-B0A01E99E4A1}.Release|x64.Build.0 = Release|Win32
		{CE4FDFCF-5DAA-40B1-8730-927B2489D0CA}.Debug DLL|Win32.ActiveCfg = Debug|Win32
		{CE4FDFCF-5DAA-40B1-8730-927B2489D0CA}.Debug DLL|Win32.Build.0 = Debug|Win32
		{CE4FDFCF-5DAA-40B1-8730-927B2489D0CA}.Debug DLL|x64.ActiveCfg = Debug|Win32
		{CE4FDFCF-5DAA-40B1-8730-927B2489D0CA}.Debug DLL|x64.Build.0 = Debug|Win32
		{CE4FDFCF-5DAA-40B1-8730-927B2489D0CA}.Debug|Win32.ActiveCfg = Debug|Win32
		{CE4FDFCF-5DAA-40B1-8730-927B2489D0CA}.Debug|Win32.Build.0 = Debug|Win32
		{CE4FDFCF-5DAA-40B1-8730-927B2489D0CA}.Debug|x64.ActiveCfg = Debug|Win32
		{CE4FDFCF-5DAA-40B1-8730-927B2489D0CA}.Debug|x64.Build.0 = Debug|Win32
		{CE4FDFCF-5DAA-40B1-8730-927B2489D0CA}.Release DLL|Win32.ActiveCfg = Release|Win32
		{CE4FDFCF-5DAA-40B1-8730-927B2489D0CA}.Release DLL|Win32.Build.0 = Release|Win32
		{CE4FDFCF-5DAA-40B1-8730-927B2489D0CA}.Release DLL|x64.ActiveCfg = Release|Win32
		{CE4FDFCF-5DAA-40B1-8730-927B2489D0CA}.Release DLL|x64.Build.0 = Release|Win32
		{CE4FDFCF-5DAA-40B1-8730-927B2489D0CA}.Release|Win32.ActiveCfg = Release|Win32
		{CE4FDFCF-5DAA-40B1-8730-927B2489D0CA}.Release|Win32.Build.0 = Release|Win32
		{CE4FDFCF-5DAA-40B1-8730-927B2489D0CA}.Release|x64.ActiveCfg = Release|Win32
		{CE4FDFCF-5DAA-40B1-8730-927B2489D0CA}.Release|x64.Build.0 = Release|Win32
		{FF64FA29-181B-43F3-9BB6-1CB46B4508A2}.Debug DLL|Win32.ActiveCfg = Debug|Win32
		{FF64FA29-181B-43F3-9BB6-1CB46B4508A2}.Debug DLL|Win32.Build.0 = Debug|Win32
		{FF64FA29-181B-43F3-9BB6-1CB46B4508A2}.Debug DLL|x64.ActiveCfg = Debug|Win32
		{FF64FA29-181B-43F3-9BB6-1CB46B4508A2}.Debug DLL|x64.Build.0 = Debug|Win32
		{FF64FA29-181B-43F3-9BB6-1CB46B4508A2}.Debug|Win32.ActiveCfg = Debug|Win32
		{FF64FA29-181B-43F3-9BB6-1CB46B4508A2}.Debug|Win32.Build.0 = Debug|Win32
		{FF64FA29-181B-43F3-9BB6-1CB46B4508A2}.Debug|x64.ActiveCfg = Debug|Win32
		{FF64FA29-181B-43F3-9BB6-1CB46B4508A2}.Debug|x64.Build.0 = Debug|Win32
		{FF64FA29-181B-43F3-9BB6-1CB46B4508A2}.Release DLL|Win32.ActiveCfg = Release|Win32
		{FF64FA29-181B-43F3-9BB6-1CB46B4508A2}.Release DLL|Win32.Build.0 = Release|Win32
		{FF64FA29-181B-43F3-9BB6-1CB46B4508A2}.Release DLL|x64.ActiveCfg = Release|Win32
		{FF64FA29-181B-43F3-9BB6-1CB46B4508A2}.Release DLL|x64.Build.0 = Release|Win32
		{FF64FA29-181B-43F3-9BB6-1CB46B4508A2}.Release|Win32.ActiveCfg = Release|Win32
		{FF64FA29-181B-43F3-9BB6-1CB46B4508A2}.Release|Win32.Build.0 = Release|Win32
		{FF64FA29-181B-43F3-9BB6-1CB46B4508A2}.Release|x64.ActiveCfg = Release|Win32
		{FF64FA29-181B-43F3-9BB6-1CB46B4508A2}.Release|x64.Build.0 = Release|Win32
		{336773F1-D628-4199-A615-D1179AFE5326}.Debug DLL|Win32.ActiveCfg = Debug|Win32
		{336773F1-D628-4199-A615-D1179AFE5326}.Debug DLL|Win32.Build.0 = Debug|Win32
		{336773F1-D628-4199-A615-D1179AFE5326}.Debug DLL|x64.ActiveCfg = Debug|Win32
		{336773F1-D628-4199-A615-D1179AFE5326}.Debug DLL|x64.Build.0 = Debug|Win32
		{336773F1-D628-4199-A615-D1179AFE5326}.Debug|Win32.ActiveCfg = Debug|Win32
		{336773F1-D628-4199-A615-D1179AFE5326}.Debug|Win32.Build.0 = Debug|Win32
		{336773F1-D628-4199-A615-D1179AFE5326}.Debug|x64.ActiveCfg = Debug|Win32
		{336773F1-D628-4199-A615-D1179AFE5326}.Debug|x64.Build.0 = Debug|Win32
		{336773F1-D628-4199-A615-D1179AFE5326}.Release DLL|Win32.ActiveCfg = Release|Win32
		{336773F1-D628-4199-A615-D1179AFE5326}.Release DLL|Win32.Build.0 = Release|Win32
		{336773F1-D628-4199-A615-D1179AFE5326}.Release DLL|x64.ActiveCfg = Release|Win32
		{336773F1-D628-4199-A615-D1179AFE5326}.Release DLL|x64.Build.0 = Release|Win32
		{336773F1-D628-4199-A615-D1179AFE5326}.Release|Win32.ActiveCfg = Release|Win32
		{336773F1-D628-4199-A615-D1179AFE5326}.Release|Win32.Build.0 = Release|Win32
		{336773F1-D628-4199-A615-D1179AFE5326}.Release|x64.ActiveCfg = Release|Win32
		{336773F1-D628-4199-A615-D1179AFE5326}.Release|x64.Build.0 = Release|Win32
		{6C8EC3A3-8B8F-4B95-92E3-F4275A221CCD}.Debug DLL|Win32.ActiveCfg = Debug|Win32
		{6C8EC3A3-8B8F-4B95-92E3-F4275A221CCD}.Debug DLL|Win32.Build.0 = Debug|Win32
		{6C8EC3A3-8B8F-4B95-92E3-F4275A221CCD}.Debug DLL|x64.ActiveCfg = Debug|Win32
		{6C8EC3A3-8B8F-4B95-92E3-F4275A221CCD}.Debug DLL|x64.Build.0 = Debug|Win32
		{6C8EC3A3-8B8F-4B95-92E3-F4275A221CCD}.Debug|Win32.ActiveCfg = Debug|Win32
		{6C8EC3A3-8B8F-4B95-92E3-F4275A221CCD}.Debug|Win32.Build.0 = Debug|Win32
		{6C8EC3A3-8B8F-4B95-92E3-F4275A221CCD}.Debug|x64.ActiveCfg = Debug|Win32
		{6C8EC3A3-8B8F-4B95-92E3-F4275A221CCD}.Debug|x64.Build.0 = Debug|Win32
		{6C8EC3A3-8B8F-4B95-92E3-F4275A221CCD}.Release DLL|Win32.ActiveCfg = Release|Win32
		{6C8EC3A3-8B8F-4B95-92E3-F4275A221CCD}.Release DLL|Win32.Build.0 = Release|Win32
		{6C8EC3A3-8B8F-4B95-92E3-F4275A221CCD}.Release DLL|x64.ActiveCfg = Release|Win32
		{6C8EC3A3-8B8F-4B95-92E3-F4275A221CCD}.Release DLL|x64.Build.0 = Release|Win32
		{6C8EC3A3-8B8F-4B95-92E3-F4275A221CCD}.Release|Win32.ActiveCfg = Release|Win32
		{6C8EC3A3-8B8F-4B95-92E3-F4275A221CCD}.Release|Win32.Build.0 = Release|Win32
		{6C8EC3A3-8B8F-4B95-92E3-F4275A221CCD}.Release|x64.ActiveCfg = Release|Win32
		{6C8EC3A3-8B8F-4B95-92E3-F4275A221CCD}.Release|x64.Build.0 = Release|Win32
		{FFC2863C-E3B6-4F39-803F-39943D948C07}.Debug DLL|Win32.ActiveCfg = Debug|Win32
		{FFC2863C-E3B6-4F39-803F-39943D948C07}.Debug DLL|Win32.Build.0 = Debug|Win32
		{FFC2863C-E3B6-4F39-803F-39943D948C07}.Debug DLL|x64.ActiveCfg = Debug|Win32
		{FFC2863C-E3B6-4F39-803F-39943D948C07}.Debug DLL|x64.Build.0 = Debug|Win32
		{FFC2863C-E3B6-4F39-803F-39943D948C07}.Debug|Win32.ActiveCfg = Debug|Win32
		{FFC2863C-E3B6-4F39-803F-39943D948C07}.Debug|Win32.Build.0 = Debug|Win32
		{FFC2863C-E3B6-4F39-803F-39943D948C07}.Debug|x64.ActiveCfg = Debug|Win32
		{FFC2863C-E3B6-4F39-803F-39943D948C07}.Debug|x64.Build.0 = Debug|Win32
		{FFC2863C-E3B6-4F39-803F-39943D948C07}.Release DLL|Win32.ActiveCfg = Release|Win32
		{FFC2863C-E3B6-4F39-803F-39943D948C07}.Release DLL|Win32.Build.0 = Release|Win32
		{FFC2863C-E3B6-4F39-803F-39943D948C07}.Release DLL|x64.ActiveCfg = Release|Win32
		{FFC2863C-E3B6-4F39-803F-39943D948C07}.Release DLL|x64.Build.0 = Release|Win32
		{FFC2863C-E3B6-4F39-803F-39943D948C07}.Release|Win32.ActiveCfg = Release|Win32
		{FFC2863C-E3B6-4F39-803F-39943D948C07}.Release|Win32.Build.0 = Release|Win32
		{FFC2863C-E3B6-4F39-803F-39943D948C07}.Release|x64.ActiveCfg = Release|Win32
		{FFC2863C-E3B6-4F39-803F-39943D948C07}.Release|x64.Build.0 = Release|Win32
	EndGlobalSection
	GlobalSection(SolutionProperties) = preSolution
		HideSolutionNode = FALSE
	EndGlobalSection
	GlobalSection(ExtensibilityGlobals) = postSolution
		SolutionGuid = {5C28A14E-4B37-40C1-9A8E-FECB32DA6E1F}
	EndGlobalSection
EndGlobal
