Microsoft Visual Studio Solution File, Format Version 12.00
# Visual Studio 15
VisualStudioVersion = 15.0.27428.2043
MinimumVisualStudioVersion = 10.0.40219.1
Project("{8BC9CEB8-8B4A-11D0-8D11-00A0C91BC942}") = "porphyrograph-sound-JUCE_App", "porphyrograph-sound-JUCE_App.vcxproj", "{64F606EA-CBD7-7DC2-1326-E3091B838A18}"
EndProject
Project("{8BC9CEB8-8B4A-11D0-8D11-00A0C91BC942}") = "PlayingSoundFilesTutorial_App", "..\..\PlayingSoundFilesTutorial\Builds\VisualStudio2017\PlayingSoundFilesTutorial_App.vcxproj", "{4E493055-D10E-28AD-258B-10CD0E0AD911}"
EndProject
Project("{8BC9CEB8-8B4A-11D0-8D11-00A0C91BC942}") = "OSCReceiverTutorial_App", "..\..\OSCReceiverTutorial\Builds\VisualStudio2017\OSCReceiverTutorial_App.vcxproj", "{60682C47-B4D3-A2E5-EA85-10C90D78902A}"
EndProject
Project("{8BC9CEB8-8B4A-11D0-8D11-00A0C91BC942}") = "SimpleFFTTutorial_App", "..\..\SimpleFFTTutorial\Builds\VisualStudio2017\SimpleFFTTutorial_App.vcxproj", "{7C104B2E-5DB7-4953-8A58-5FCE630DF02F}"
EndProject
Global
	GlobalSection(SolutionConfigurationPlatforms) = preSolution
		Debug|x64 = Debug|x64
		Release|x64 = Release|x64
	EndGlobalSection
	GlobalSection(ProjectConfigurationPlatforms) = postSolution
		{64F606EA-CBD7-7DC2-1326-E3091B838A18}.Debug|x64.ActiveCfg = Debug|x64
		{64F606EA-CBD7-7DC2-1326-E3091B838A18}.Debug|x64.Build.0 = Debug|x64
		{64F606EA-CBD7-7DC2-1326-E3091B838A18}.Release|x64.ActiveCfg = Release|x64
		{64F606EA-CBD7-7DC2-1326-E3091B838A18}.Release|x64.Build.0 = Release|x64
		{4E493055-D10E-28AD-258B-10CD0E0AD911}.Debug|x64.ActiveCfg = Debug|x64
		{4E493055-D10E-28AD-258B-10CD0E0AD911}.Debug|x64.Build.0 = Debug|x64
		{4E493055-D10E-28AD-258B-10CD0E0AD911}.Release|x64.ActiveCfg = Release|x64
		{4E493055-D10E-28AD-258B-10CD0E0AD911}.Release|x64.Build.0 = Release|x64
		{60682C47-B4D3-A2E5-EA85-10C90D78902A}.Debug|x64.ActiveCfg = Debug|x64
		{60682C47-B4D3-A2E5-EA85-10C90D78902A}.Debug|x64.Build.0 = Debug|x64
		{60682C47-B4D3-A2E5-EA85-10C90D78902A}.Release|x64.ActiveCfg = Release|x64
		{60682C47-B4D3-A2E5-EA85-10C90D78902A}.Release|x64.Build.0 = Release|x64
		{7C104B2E-5DB7-4953-8A58-5FCE630DF02F}.Debug|x64.ActiveCfg = Debug|x64
		{7C104B2E-5DB7-4953-8A58-5FCE630DF02F}.Debug|x64.Build.0 = Debug|x64
		{7C104B2E-5DB7-4953-8A58-5FCE630DF02F}.Release|x64.ActiveCfg = Release|x64
		{7C104B2E-5DB7-4953-8A58-5FCE630DF02F}.Release|x64.Build.0 = Release|x64
	EndGlobalSection
	GlobalSection(SolutionProperties) = preSolution
		HideSolutionNode = FALSE
	EndGlobalSection
	GlobalSection(ExtensibilityGlobals) = postSolution
		SolutionGuid = {BA59B319-EE9D-4DCB-B25A-E599354D2DA4}
	EndGlobalSection
EndGlobal
