Microsoft Visual Studio Solution File, Format Version 12.00
# Visual Studio 14
VisualStudioVersion = 14.0.25420.1
MinimumVisualStudioVersion = 10.0.40219.1
Project("{8BC9CEB8-8B4A-11D0-8D11-00A0C91BC942}") = "ALL_BUILD", "ALL_BUILD.vcxproj", "{C4F5B7B3-8BFD-3BC4-B1EF-E64E71DEA5E9}"
	ProjectSection(ProjectDependencies) = postProject
		{B115DFC5-8C95-38B4-B102-6485461254FE} = {B115DFC5-8C95-38B4-B102-6485461254FE}
		{7CDEC537-B098-3093-B0F3-A9E7EA63327F} = {7CDEC537-B098-3093-B0F3-A9E7EA63327F}
		{F514E22F-525E-3A47-817F-D4AA0AB4528B} = {F514E22F-525E-3A47-817F-D4AA0AB4528B}
		{FFDB1AF4-A3C1-3E22-BB10-7FA8C52869FB} = {FFDB1AF4-A3C1-3E22-BB10-7FA8C52869FB}
	EndProjectSection
EndProject
Project("{8BC9CEB8-8B4A-11D0-8D11-00A0C91BC942}") = "INSTALL", "INSTALL.vcxproj", "{84411BD8-F6C6-3BC7-89FE-70021157B6A5}"
	ProjectSection(ProjectDependencies) = postProject
		{C4F5B7B3-8BFD-3BC4-B1EF-E64E71DEA5E9} = {C4F5B7B3-8BFD-3BC4-B1EF-E64E71DEA5E9}
		{B115DFC5-8C95-38B4-B102-6485461254FE} = {B115DFC5-8C95-38B4-B102-6485461254FE}
	EndProjectSection
EndProject
Project("{8BC9CEB8-8B4A-11D0-8D11-00A0C91BC942}") = "ZERO_CHECK", "ZERO_CHECK.vcxproj", "{B115DFC5-8C95-38B4-B102-6485461254FE}"
EndProject
Project("{8BC9CEB8-8B4A-11D0-8D11-00A0C91BC942}") = "freeglut_wacom", "freeglut.vcxproj", "{7CDEC537-B098-3093-B0F3-A9E7EA63327F}"
	ProjectSection(ProjectDependencies) = postProject
		{B115DFC5-8C95-38B4-B102-6485461254FE} = {B115DFC5-8C95-38B4-B102-6485461254FE}
	EndProjectSection
EndProject
Project("{8BC9CEB8-8B4A-11D0-8D11-00A0C91BC942}") = "freeglut_wacom_static", "freeglut_static.vcxproj", "{F514E22F-525E-3A47-817F-D4AA0AB4528B}"
	ProjectSection(ProjectDependencies) = postProject
		{B115DFC5-8C95-38B4-B102-6485461254FE} = {B115DFC5-8C95-38B4-B102-6485461254FE}
	EndProjectSection
EndProject
Project("{8BC9CEB8-8B4A-11D0-8D11-00A0C91BC942}") = "multi-touch", "multi-touch.vcxproj", "{FFDB1AF4-A3C1-3E22-BB10-7FA8C52869FB}"
	ProjectSection(ProjectDependencies) = postProject
		{B115DFC5-8C95-38B4-B102-6485461254FE} = {B115DFC5-8C95-38B4-B102-6485461254FE}
		{7CDEC537-B098-3093-B0F3-A9E7EA63327F} = {7CDEC537-B098-3093-B0F3-A9E7EA63327F}
	EndProjectSection
EndProject
Global
	GlobalSection(SolutionConfigurationPlatforms) = preSolution
		Debug|Win32 = Debug|Win32
		MinSizeRel|Win32 = MinSizeRel|Win32
		Release|Win32 = Release|Win32
		RelWithDebInfo|Win32 = RelWithDebInfo|Win32
	EndGlobalSection
	GlobalSection(ProjectConfigurationPlatforms) = postSolution
		{C4F5B7B3-8BFD-3BC4-B1EF-E64E71DEA5E9}.Debug|Win32.ActiveCfg = Debug|Win32
		{C4F5B7B3-8BFD-3BC4-B1EF-E64E71DEA5E9}.Debug|Win32.Build.0 = Debug|Win32
		{C4F5B7B3-8BFD-3BC4-B1EF-E64E71DEA5E9}.MinSizeRel|Win32.ActiveCfg = MinSizeRel|Win32
		{C4F5B7B3-8BFD-3BC4-B1EF-E64E71DEA5E9}.MinSizeRel|Win32.Build.0 = MinSizeRel|Win32
		{C4F5B7B3-8BFD-3BC4-B1EF-E64E71DEA5E9}.Release|Win32.ActiveCfg = Release|Win32
		{C4F5B7B3-8BFD-3BC4-B1EF-E64E71DEA5E9}.Release|Win32.Build.0 = Release|Win32
		{C4F5B7B3-8BFD-3BC4-B1EF-E64E71DEA5E9}.RelWithDebInfo|Win32.ActiveCfg = RelWithDebInfo|Win32
		{C4F5B7B3-8BFD-3BC4-B1EF-E64E71DEA5E9}.RelWithDebInfo|Win32.Build.0 = RelWithDebInfo|Win32
		{84411BD8-F6C6-3BC7-89FE-70021157B6A5}.Debug|Win32.ActiveCfg = Debug|Win32
		{84411BD8-F6C6-3BC7-89FE-70021157B6A5}.MinSizeRel|Win32.ActiveCfg = MinSizeRel|Win32
		{84411BD8-F6C6-3BC7-89FE-70021157B6A5}.Release|Win32.ActiveCfg = Release|Win32
		{84411BD8-F6C6-3BC7-89FE-70021157B6A5}.RelWithDebInfo|Win32.ActiveCfg = RelWithDebInfo|Win32
		{B115DFC5-8C95-38B4-B102-6485461254FE}.Debug|Win32.ActiveCfg = Debug|Win32
		{B115DFC5-8C95-38B4-B102-6485461254FE}.Debug|Win32.Build.0 = Debug|Win32
		{B115DFC5-8C95-38B4-B102-6485461254FE}.MinSizeRel|Win32.ActiveCfg = MinSizeRel|Win32
		{B115DFC5-8C95-38B4-B102-6485461254FE}.MinSizeRel|Win32.Build.0 = MinSizeRel|Win32
		{B115DFC5-8C95-38B4-B102-6485461254FE}.Release|Win32.ActiveCfg = Release|Win32
		{B115DFC5-8C95-38B4-B102-6485461254FE}.Release|Win32.Build.0 = Release|Win32
		{B115DFC5-8C95-38B4-B102-6485461254FE}.RelWithDebInfo|Win32.ActiveCfg = RelWithDebInfo|Win32
		{B115DFC5-8C95-38B4-B102-6485461254FE}.RelWithDebInfo|Win32.Build.0 = RelWithDebInfo|Win32
		{7CDEC537-B098-3093-B0F3-A9E7EA63327F}.Debug|Win32.ActiveCfg = Debug|Win32
		{7CDEC537-B098-3093-B0F3-A9E7EA63327F}.Debug|Win32.Build.0 = Debug|Win32
		{7CDEC537-B098-3093-B0F3-A9E7EA63327F}.MinSizeRel|Win32.ActiveCfg = MinSizeRel|Win32
		{7CDEC537-B098-3093-B0F3-A9E7EA63327F}.MinSizeRel|Win32.Build.0 = MinSizeRel|Win32
		{7CDEC537-B098-3093-B0F3-A9E7EA63327F}.Release|Win32.ActiveCfg = Release|Win32
		{7CDEC537-B098-3093-B0F3-A9E7EA63327F}.Release|Win32.Build.0 = Release|Win32
		{7CDEC537-B098-3093-B0F3-A9E7EA63327F}.RelWithDebInfo|Win32.ActiveCfg = RelWithDebInfo|Win32
		{7CDEC537-B098-3093-B0F3-A9E7EA63327F}.RelWithDebInfo|Win32.Build.0 = RelWithDebInfo|Win32
		{F514E22F-525E-3A47-817F-D4AA0AB4528B}.Debug|Win32.ActiveCfg = Debug|Win32
		{F514E22F-525E-3A47-817F-D4AA0AB4528B}.Debug|Win32.Build.0 = Debug|Win32
		{F514E22F-525E-3A47-817F-D4AA0AB4528B}.MinSizeRel|Win32.ActiveCfg = MinSizeRel|Win32
		{F514E22F-525E-3A47-817F-D4AA0AB4528B}.MinSizeRel|Win32.Build.0 = MinSizeRel|Win32
		{F514E22F-525E-3A47-817F-D4AA0AB4528B}.Release|Win32.ActiveCfg = Release|Win32
		{F514E22F-525E-3A47-817F-D4AA0AB4528B}.Release|Win32.Build.0 = Release|Win32
		{F514E22F-525E-3A47-817F-D4AA0AB4528B}.RelWithDebInfo|Win32.ActiveCfg = RelWithDebInfo|Win32
		{F514E22F-525E-3A47-817F-D4AA0AB4528B}.RelWithDebInfo|Win32.Build.0 = RelWithDebInfo|Win32
		{FFDB1AF4-A3C1-3E22-BB10-7FA8C52869FB}.Debug|Win32.ActiveCfg = Debug|Win32
		{FFDB1AF4-A3C1-3E22-BB10-7FA8C52869FB}.Debug|Win32.Build.0 = Debug|Win32
		{FFDB1AF4-A3C1-3E22-BB10-7FA8C52869FB}.MinSizeRel|Win32.ActiveCfg = MinSizeRel|Win32
		{FFDB1AF4-A3C1-3E22-BB10-7FA8C52869FB}.MinSizeRel|Win32.Build.0 = MinSizeRel|Win32
		{FFDB1AF4-A3C1-3E22-BB10-7FA8C52869FB}.Release|Win32.ActiveCfg = Release|Win32
		{FFDB1AF4-A3C1-3E22-BB10-7FA8C52869FB}.Release|Win32.Build.0 = Release|Win32
		{FFDB1AF4-A3C1-3E22-BB10-7FA8C52869FB}.RelWithDebInfo|Win32.ActiveCfg = RelWithDebInfo|Win32
		{FFDB1AF4-A3C1-3E22-BB10-7FA8C52869FB}.RelWithDebInfo|Win32.Build.0 = RelWithDebInfo|Win32
	EndGlobalSection
	GlobalSection(SolutionProperties) = preSolution
		HideSolutionNode = FALSE
	EndGlobalSection
EndGlobal
