Microsoft Visual Studio Solution File, Format Version 12.00
# Visual Studio 15
Project("{8BC9CEB8-8B4A-11D0-8D11-00A0C91BC942}") = "ALL_BUILD", "ALL_BUILD.vcxproj", "{263D1DF1-190E-3CA1-ADFD-96A994FF7935}"
	ProjectSection(ProjectDependencies) = postProject
		{24184F84-365B-30FA-9DF8-9E11D161BF43} = {24184F84-365B-30FA-9DF8-9E11D161BF43}
		{CCE2E89B-BA4B-3FEB-BCB0-1C777FC86EAD} = {CCE2E89B-BA4B-3FEB-BCB0-1C777FC86EAD}
		{31B6CEB1-D944-31D4-B06A-41FCD286BC80} = {31B6CEB1-D944-31D4-B06A-41FCD286BC80}
		{69646C34-B591-3A20-BA37-B5F75A8C2F4E} = {69646C34-B591-3A20-BA37-B5F75A8C2F4E}
		{50E8FDA8-3BDF-3DF7-87B3-AF02F89C08BF} = {50E8FDA8-3BDF-3DF7-87B3-AF02F89C08BF}
		{DE8F4812-BDFB-39FA-918A-5B70A2EB144E} = {DE8F4812-BDFB-39FA-918A-5B70A2EB144E}
		{025FBB22-2D6E-36E9-8BCC-94DDCE1C7357} = {025FBB22-2D6E-36E9-8BCC-94DDCE1C7357}
		{C8CEB817-5F6F-3E3B-A6E6-96246890A743} = {C8CEB817-5F6F-3E3B-A6E6-96246890A743}
		{1D897B6E-9124-3ED0-948C-93DB08839002} = {1D897B6E-9124-3ED0-948C-93DB08839002}
		{8B7D1D50-AB59-36A3-A3BD-5BFD14914267} = {8B7D1D50-AB59-36A3-A3BD-5BFD14914267}
		{CFDB0EA4-8D48-3E59-A263-1E8B51397D29} = {CFDB0EA4-8D48-3E59-A263-1E8B51397D29}
		{D7871A0E-15B8-38F4-9709-A5DAF8C5888B} = {D7871A0E-15B8-38F4-9709-A5DAF8C5888B}
		{7C157C73-28B4-3937-BBFD-122F782F58BC} = {7C157C73-28B4-3937-BBFD-122F782F58BC}
		{65356A16-0628-3239-8639-6C98B56B37E4} = {65356A16-0628-3239-8639-6C98B56B37E4}
		{BDEC03CA-D6F1-31BA-B535-4A68D23B15A7} = {BDEC03CA-D6F1-31BA-B535-4A68D23B15A7}
		{6BB528F9-E5A5-3A29-AF94-4012B6FB7B89} = {6BB528F9-E5A5-3A29-AF94-4012B6FB7B89}
		{42818FFA-D5AF-39AF-8281-F87512B13B4B} = {42818FFA-D5AF-39AF-8281-F87512B13B4B}
		{BCD566D4-6DF1-3ED8-86E7-403610E160B9} = {BCD566D4-6DF1-3ED8-86E7-403610E160B9}
		{7CF48565-5399-3075-BAFA-FCC5DCF59D9C} = {7CF48565-5399-3075-BAFA-FCC5DCF59D9C}
		{1216A91D-571F-3AC8-B60D-345854E35592} = {1216A91D-571F-3AC8-B60D-345854E35592}
		{E4EB8796-1A74-3DD5-9255-2C1A782A13F6} = {E4EB8796-1A74-3DD5-9255-2C1A782A13F6}
		{644CC5C6-EFD7-3EC0-A42D-CFD3B742EC6F} = {644CC5C6-EFD7-3EC0-A42D-CFD3B742EC6F}
		{6A7DF4CF-1B37-30E7-928F-0F1A20B6A069} = {6A7DF4CF-1B37-30E7-928F-0F1A20B6A069}
		{57067571-8AFF-3476-BE94-21ABB353A175} = {57067571-8AFF-3476-BE94-21ABB353A175}
		{039B5BB3-1E24-30FB-95BB-FDB3FECD8C55} = {039B5BB3-1E24-30FB-95BB-FDB3FECD8C55}
	EndProjectSection
EndProject
Project("{8BC9CEB8-8B4A-11D0-8D11-00A0C91BC942}") = "CallbackMaker", "CallbackMaker.vcxproj", "{24184F84-365B-30FA-9DF8-9E11D161BF43}"
	ProjectSection(ProjectDependencies) = postProject
		{7C157C73-28B4-3937-BBFD-122F782F58BC} = {7C157C73-28B4-3937-BBFD-122F782F58BC}
		{65356A16-0628-3239-8639-6C98B56B37E4} = {65356A16-0628-3239-8639-6C98B56B37E4}
	EndProjectSection
EndProject
Project("{8BC9CEB8-8B4A-11D0-8D11-00A0C91BC942}") = "CallbackMaker_static", "CallbackMaker_static.vcxproj", "{CCE2E89B-BA4B-3FEB-BCB0-1C777FC86EAD}"
	ProjectSection(ProjectDependencies) = postProject
		{7C157C73-28B4-3937-BBFD-122F782F58BC} = {7C157C73-28B4-3937-BBFD-122F782F58BC}
		{BDEC03CA-D6F1-31BA-B535-4A68D23B15A7} = {BDEC03CA-D6F1-31BA-B535-4A68D23B15A7}
	EndProjectSection
EndProject
Project("{8BC9CEB8-8B4A-11D0-8D11-00A0C91BC942}") = "Fractals", "Fractals.vcxproj", "{31B6CEB1-D944-31D4-B06A-41FCD286BC80}"
	ProjectSection(ProjectDependencies) = postProject
		{7C157C73-28B4-3937-BBFD-122F782F58BC} = {7C157C73-28B4-3937-BBFD-122F782F58BC}
		{65356A16-0628-3239-8639-6C98B56B37E4} = {65356A16-0628-3239-8639-6C98B56B37E4}
	EndProjectSection
EndProject
Project("{8BC9CEB8-8B4A-11D0-8D11-00A0C91BC942}") = "Fractals_random", "Fractals_random.vcxproj", "{69646C34-B591-3A20-BA37-B5F75A8C2F4E}"
	ProjectSection(ProjectDependencies) = postProject
		{7C157C73-28B4-3937-BBFD-122F782F58BC} = {7C157C73-28B4-3937-BBFD-122F782F58BC}
		{65356A16-0628-3239-8639-6C98B56B37E4} = {65356A16-0628-3239-8639-6C98B56B37E4}
	EndProjectSection
EndProject
Project("{8BC9CEB8-8B4A-11D0-8D11-00A0C91BC942}") = "Fractals_random_static", "Fractals_random_static.vcxproj", "{50E8FDA8-3BDF-3DF7-87B3-AF02F89C08BF}"
	ProjectSection(ProjectDependencies) = postProject
		{7C157C73-28B4-3937-BBFD-122F782F58BC} = {7C157C73-28B4-3937-BBFD-122F782F58BC}
		{BDEC03CA-D6F1-31BA-B535-4A68D23B15A7} = {BDEC03CA-D6F1-31BA-B535-4A68D23B15A7}
	EndProjectSection
EndProject
Project("{8BC9CEB8-8B4A-11D0-8D11-00A0C91BC942}") = "Fractals_static", "Fractals_static.vcxproj", "{DE8F4812-BDFB-39FA-918A-5B70A2EB144E}"
	ProjectSection(ProjectDependencies) = postProject
		{7C157C73-28B4-3937-BBFD-122F782F58BC} = {7C157C73-28B4-3937-BBFD-122F782F58BC}
		{BDEC03CA-D6F1-31BA-B535-4A68D23B15A7} = {BDEC03CA-D6F1-31BA-B535-4A68D23B15A7}
	EndProjectSection
EndProject
Project("{8BC9CEB8-8B4A-11D0-8D11-00A0C91BC942}") = "INSTALL", "INSTALL.vcxproj", "{2644C44A-180A-3E6C-97A1-872C730000A4}"
	ProjectSection(ProjectDependencies) = postProject
		{263D1DF1-190E-3CA1-ADFD-96A994FF7935} = {263D1DF1-190E-3CA1-ADFD-96A994FF7935}
		{7C157C73-28B4-3937-BBFD-122F782F58BC} = {7C157C73-28B4-3937-BBFD-122F782F58BC}
	EndProjectSection
EndProject
Project("{8BC9CEB8-8B4A-11D0-8D11-00A0C91BC942}") = "Lorenz", "Lorenz.vcxproj", "{025FBB22-2D6E-36E9-8BCC-94DDCE1C7357}"
	ProjectSection(ProjectDependencies) = postProject
		{7C157C73-28B4-3937-BBFD-122F782F58BC} = {7C157C73-28B4-3937-BBFD-122F782F58BC}
		{65356A16-0628-3239-8639-6C98B56B37E4} = {65356A16-0628-3239-8639-6C98B56B37E4}
	EndProjectSection
EndProject
Project("{8BC9CEB8-8B4A-11D0-8D11-00A0C91BC942}") = "Lorenz_static", "Lorenz_static.vcxproj", "{C8CEB817-5F6F-3E3B-A6E6-96246890A743}"
	ProjectSection(ProjectDependencies) = postProject
		{7C157C73-28B4-3937-BBFD-122F782F58BC} = {7C157C73-28B4-3937-BBFD-122F782F58BC}
		{BDEC03CA-D6F1-31BA-B535-4A68D23B15A7} = {BDEC03CA-D6F1-31BA-B535-4A68D23B15A7}
	EndProjectSection
EndProject
Project("{8BC9CEB8-8B4A-11D0-8D11-00A0C91BC942}") = "One", "One.vcxproj", "{1D897B6E-9124-3ED0-948C-93DB08839002}"
	ProjectSection(ProjectDependencies) = postProject
		{7C157C73-28B4-3937-BBFD-122F782F58BC} = {7C157C73-28B4-3937-BBFD-122F782F58BC}
		{65356A16-0628-3239-8639-6C98B56B37E4} = {65356A16-0628-3239-8639-6C98B56B37E4}
	EndProjectSection
EndProject
Project("{8BC9CEB8-8B4A-11D0-8D11-00A0C91BC942}") = "One_static", "One_static.vcxproj", "{8B7D1D50-AB59-36A3-A3BD-5BFD14914267}"
	ProjectSection(ProjectDependencies) = postProject
		{7C157C73-28B4-3937-BBFD-122F782F58BC} = {7C157C73-28B4-3937-BBFD-122F782F58BC}
		{BDEC03CA-D6F1-31BA-B535-4A68D23B15A7} = {BDEC03CA-D6F1-31BA-B535-4A68D23B15A7}
	EndProjectSection
EndProject
Project("{8BC9CEB8-8B4A-11D0-8D11-00A0C91BC942}") = "Resizer", "Resizer.vcxproj", "{CFDB0EA4-8D48-3E59-A263-1E8B51397D29}"
	ProjectSection(ProjectDependencies) = postProject
		{7C157C73-28B4-3937-BBFD-122F782F58BC} = {7C157C73-28B4-3937-BBFD-122F782F58BC}
		{65356A16-0628-3239-8639-6C98B56B37E4} = {65356A16-0628-3239-8639-6C98B56B37E4}
	EndProjectSection
EndProject
Project("{8BC9CEB8-8B4A-11D0-8D11-00A0C91BC942}") = "Resizer_static", "Resizer_static.vcxproj", "{D7871A0E-15B8-38F4-9709-A5DAF8C5888B}"
	ProjectSection(ProjectDependencies) = postProject
		{7C157C73-28B4-3937-BBFD-122F782F58BC} = {7C157C73-28B4-3937-BBFD-122F782F58BC}
		{BDEC03CA-D6F1-31BA-B535-4A68D23B15A7} = {BDEC03CA-D6F1-31BA-B535-4A68D23B15A7}
	EndProjectSection
EndProject
Project("{8BC9CEB8-8B4A-11D0-8D11-00A0C91BC942}") = "ZERO_CHECK", "ZERO_CHECK.vcxproj", "{7C157C73-28B4-3937-BBFD-122F782F58BC}"
	ProjectSection(ProjectDependencies) = postProject
	EndProjectSection
EndProject
Project("{8BC9CEB8-8B4A-11D0-8D11-00A0C91BC942}") = "freeglut", "freeglut.vcxproj", "{65356A16-0628-3239-8639-6C98B56B37E4}"
	ProjectSection(ProjectDependencies) = postProject
		{7C157C73-28B4-3937-BBFD-122F782F58BC} = {7C157C73-28B4-3937-BBFD-122F782F58BC}
	EndProjectSection
EndProject
Project("{8BC9CEB8-8B4A-11D0-8D11-00A0C91BC942}") = "freeglut_static", "freeglut_static.vcxproj", "{BDEC03CA-D6F1-31BA-B535-4A68D23B15A7}"
	ProjectSection(ProjectDependencies) = postProject
		{7C157C73-28B4-3937-BBFD-122F782F58BC} = {7C157C73-28B4-3937-BBFD-122F782F58BC}
	EndProjectSection
EndProject
Project("{8BC9CEB8-8B4A-11D0-8D11-00A0C91BC942}") = "multi-touch", "multi-touch.vcxproj", "{6BB528F9-E5A5-3A29-AF94-4012B6FB7B89}"
	ProjectSection(ProjectDependencies) = postProject
		{7C157C73-28B4-3937-BBFD-122F782F58BC} = {7C157C73-28B4-3937-BBFD-122F782F58BC}
		{65356A16-0628-3239-8639-6C98B56B37E4} = {65356A16-0628-3239-8639-6C98B56B37E4}
	EndProjectSection
EndProject
Project("{8BC9CEB8-8B4A-11D0-8D11-00A0C91BC942}") = "multi-touch_static", "multi-touch_static.vcxproj", "{42818FFA-D5AF-39AF-8281-F87512B13B4B}"
	ProjectSection(ProjectDependencies) = postProject
		{7C157C73-28B4-3937-BBFD-122F782F58BC} = {7C157C73-28B4-3937-BBFD-122F782F58BC}
		{BDEC03CA-D6F1-31BA-B535-4A68D23B15A7} = {BDEC03CA-D6F1-31BA-B535-4A68D23B15A7}
	EndProjectSection
EndProject
Project("{8BC9CEB8-8B4A-11D0-8D11-00A0C91BC942}") = "shapes", "shapes.vcxproj", "{BCD566D4-6DF1-3ED8-86E7-403610E160B9}"
	ProjectSection(ProjectDependencies) = postProject
		{7C157C73-28B4-3937-BBFD-122F782F58BC} = {7C157C73-28B4-3937-BBFD-122F782F58BC}
		{65356A16-0628-3239-8639-6C98B56B37E4} = {65356A16-0628-3239-8639-6C98B56B37E4}
	EndProjectSection
EndProject
Project("{8BC9CEB8-8B4A-11D0-8D11-00A0C91BC942}") = "shapes_static", "shapes_static.vcxproj", "{7CF48565-5399-3075-BAFA-FCC5DCF59D9C}"
	ProjectSection(ProjectDependencies) = postProject
		{7C157C73-28B4-3937-BBFD-122F782F58BC} = {7C157C73-28B4-3937-BBFD-122F782F58BC}
		{BDEC03CA-D6F1-31BA-B535-4A68D23B15A7} = {BDEC03CA-D6F1-31BA-B535-4A68D23B15A7}
	EndProjectSection
EndProject
Project("{8BC9CEB8-8B4A-11D0-8D11-00A0C91BC942}") = "smooth_opengl3", "smooth_opengl3.vcxproj", "{1216A91D-571F-3AC8-B60D-345854E35592}"
	ProjectSection(ProjectDependencies) = postProject
		{7C157C73-28B4-3937-BBFD-122F782F58BC} = {7C157C73-28B4-3937-BBFD-122F782F58BC}
		{65356A16-0628-3239-8639-6C98B56B37E4} = {65356A16-0628-3239-8639-6C98B56B37E4}
	EndProjectSection
EndProject
Project("{8BC9CEB8-8B4A-11D0-8D11-00A0C91BC942}") = "smooth_opengl3_static", "smooth_opengl3_static.vcxproj", "{E4EB8796-1A74-3DD5-9255-2C1A782A13F6}"
	ProjectSection(ProjectDependencies) = postProject
		{7C157C73-28B4-3937-BBFD-122F782F58BC} = {7C157C73-28B4-3937-BBFD-122F782F58BC}
		{BDEC03CA-D6F1-31BA-B535-4A68D23B15A7} = {BDEC03CA-D6F1-31BA-B535-4A68D23B15A7}
	EndProjectSection
EndProject
Project("{8BC9CEB8-8B4A-11D0-8D11-00A0C91BC942}") = "subwin", "subwin.vcxproj", "{644CC5C6-EFD7-3EC0-A42D-CFD3B742EC6F}"
	ProjectSection(ProjectDependencies) = postProject
		{7C157C73-28B4-3937-BBFD-122F782F58BC} = {7C157C73-28B4-3937-BBFD-122F782F58BC}
		{65356A16-0628-3239-8639-6C98B56B37E4} = {65356A16-0628-3239-8639-6C98B56B37E4}
	EndProjectSection
EndProject
Project("{8BC9CEB8-8B4A-11D0-8D11-00A0C91BC942}") = "subwin_static", "subwin_static.vcxproj", "{6A7DF4CF-1B37-30E7-928F-0F1A20B6A069}"
	ProjectSection(ProjectDependencies) = postProject
		{7C157C73-28B4-3937-BBFD-122F782F58BC} = {7C157C73-28B4-3937-BBFD-122F782F58BC}
		{BDEC03CA-D6F1-31BA-B535-4A68D23B15A7} = {BDEC03CA-D6F1-31BA-B535-4A68D23B15A7}
	EndProjectSection
EndProject
Project("{8BC9CEB8-8B4A-11D0-8D11-00A0C91BC942}") = "timer", "timer.vcxproj", "{57067571-8AFF-3476-BE94-21ABB353A175}"
	ProjectSection(ProjectDependencies) = postProject
		{7C157C73-28B4-3937-BBFD-122F782F58BC} = {7C157C73-28B4-3937-BBFD-122F782F58BC}
		{65356A16-0628-3239-8639-6C98B56B37E4} = {65356A16-0628-3239-8639-6C98B56B37E4}
	EndProjectSection
EndProject
Project("{8BC9CEB8-8B4A-11D0-8D11-00A0C91BC942}") = "timer_static", "timer_static.vcxproj", "{039B5BB3-1E24-30FB-95BB-FDB3FECD8C55}"
	ProjectSection(ProjectDependencies) = postProject
		{7C157C73-28B4-3937-BBFD-122F782F58BC} = {7C157C73-28B4-3937-BBFD-122F782F58BC}
		{BDEC03CA-D6F1-31BA-B535-4A68D23B15A7} = {BDEC03CA-D6F1-31BA-B535-4A68D23B15A7}
	EndProjectSection
EndProject
Global
	GlobalSection(SolutionConfigurationPlatforms) = preSolution
		Debug|Win32 = Debug|Win32
		Release|Win32 = Release|Win32
		MinSizeRel|Win32 = MinSizeRel|Win32
		RelWithDebInfo|Win32 = RelWithDebInfo|Win32
	EndGlobalSection
	GlobalSection(ProjectConfigurationPlatforms) = postSolution
		{263D1DF1-190E-3CA1-ADFD-96A994FF7935}.Debug|Win32.ActiveCfg = Debug|Win32
		{263D1DF1-190E-3CA1-ADFD-96A994FF7935}.Debug|Win32.Build.0 = Debug|Win32
		{263D1DF1-190E-3CA1-ADFD-96A994FF7935}.Release|Win32.ActiveCfg = Release|Win32
		{263D1DF1-190E-3CA1-ADFD-96A994FF7935}.Release|Win32.Build.0 = Release|Win32
		{263D1DF1-190E-3CA1-ADFD-96A994FF7935}.MinSizeRel|Win32.ActiveCfg = MinSizeRel|Win32
		{263D1DF1-190E-3CA1-ADFD-96A994FF7935}.MinSizeRel|Win32.Build.0 = MinSizeRel|Win32
		{263D1DF1-190E-3CA1-ADFD-96A994FF7935}.RelWithDebInfo|Win32.ActiveCfg = RelWithDebInfo|Win32
		{263D1DF1-190E-3CA1-ADFD-96A994FF7935}.RelWithDebInfo|Win32.Build.0 = RelWithDebInfo|Win32
		{24184F84-365B-30FA-9DF8-9E11D161BF43}.Debug|Win32.ActiveCfg = Debug|Win32
		{24184F84-365B-30FA-9DF8-9E11D161BF43}.Debug|Win32.Build.0 = Debug|Win32
		{24184F84-365B-30FA-9DF8-9E11D161BF43}.Release|Win32.ActiveCfg = Release|Win32
		{24184F84-365B-30FA-9DF8-9E11D161BF43}.Release|Win32.Build.0 = Release|Win32
		{24184F84-365B-30FA-9DF8-9E11D161BF43}.MinSizeRel|Win32.ActiveCfg = MinSizeRel|Win32
		{24184F84-365B-30FA-9DF8-9E11D161BF43}.MinSizeRel|Win32.Build.0 = MinSizeRel|Win32
		{24184F84-365B-30FA-9DF8-9E11D161BF43}.RelWithDebInfo|Win32.ActiveCfg = RelWithDebInfo|Win32
		{24184F84-365B-30FA-9DF8-9E11D161BF43}.RelWithDebInfo|Win32.Build.0 = RelWithDebInfo|Win32
		{CCE2E89B-BA4B-3FEB-BCB0-1C777FC86EAD}.Debug|Win32.ActiveCfg = Debug|Win32
		{CCE2E89B-BA4B-3FEB-BCB0-1C777FC86EAD}.Debug|Win32.Build.0 = Debug|Win32
		{CCE2E89B-BA4B-3FEB-BCB0-1C777FC86EAD}.Release|Win32.ActiveCfg = Release|Win32
		{CCE2E89B-BA4B-3FEB-BCB0-1C777FC86EAD}.Release|Win32.Build.0 = Release|Win32
		{CCE2E89B-BA4B-3FEB-BCB0-1C777FC86EAD}.MinSizeRel|Win32.ActiveCfg = MinSizeRel|Win32
		{CCE2E89B-BA4B-3FEB-BCB0-1C777FC86EAD}.MinSizeRel|Win32.Build.0 = MinSizeRel|Win32
		{CCE2E89B-BA4B-3FEB-BCB0-1C777FC86EAD}.RelWithDebInfo|Win32.ActiveCfg = RelWithDebInfo|Win32
		{CCE2E89B-BA4B-3FEB-BCB0-1C777FC86EAD}.RelWithDebInfo|Win32.Build.0 = RelWithDebInfo|Win32
		{31B6CEB1-D944-31D4-B06A-41FCD286BC80}.Debug|Win32.ActiveCfg = Debug|Win32
		{31B6CEB1-D944-31D4-B06A-41FCD286BC80}.Debug|Win32.Build.0 = Debug|Win32
		{31B6CEB1-D944-31D4-B06A-41FCD286BC80}.Release|Win32.ActiveCfg = Release|Win32
		{31B6CEB1-D944-31D4-B06A-41FCD286BC80}.Release|Win32.Build.0 = Release|Win32
		{31B6CEB1-D944-31D4-B06A-41FCD286BC80}.MinSizeRel|Win32.ActiveCfg = MinSizeRel|Win32
		{31B6CEB1-D944-31D4-B06A-41FCD286BC80}.MinSizeRel|Win32.Build.0 = MinSizeRel|Win32
		{31B6CEB1-D944-31D4-B06A-41FCD286BC80}.RelWithDebInfo|Win32.ActiveCfg = RelWithDebInfo|Win32
		{31B6CEB1-D944-31D4-B06A-41FCD286BC80}.RelWithDebInfo|Win32.Build.0 = RelWithDebInfo|Win32
		{69646C34-B591-3A20-BA37-B5F75A8C2F4E}.Debug|Win32.ActiveCfg = Debug|Win32
		{69646C34-B591-3A20-BA37-B5F75A8C2F4E}.Debug|Win32.Build.0 = Debug|Win32
		{69646C34-B591-3A20-BA37-B5F75A8C2F4E}.Release|Win32.ActiveCfg = Release|Win32
		{69646C34-B591-3A20-BA37-B5F75A8C2F4E}.Release|Win32.Build.0 = Release|Win32
		{69646C34-B591-3A20-BA37-B5F75A8C2F4E}.MinSizeRel|Win32.ActiveCfg = MinSizeRel|Win32
		{69646C34-B591-3A20-BA37-B5F75A8C2F4E}.MinSizeRel|Win32.Build.0 = MinSizeRel|Win32
		{69646C34-B591-3A20-BA37-B5F75A8C2F4E}.RelWithDebInfo|Win32.ActiveCfg = RelWithDebInfo|Win32
		{69646C34-B591-3A20-BA37-B5F75A8C2F4E}.RelWithDebInfo|Win32.Build.0 = RelWithDebInfo|Win32
		{50E8FDA8-3BDF-3DF7-87B3-AF02F89C08BF}.Debug|Win32.ActiveCfg = Debug|Win32
		{50E8FDA8-3BDF-3DF7-87B3-AF02F89C08BF}.Debug|Win32.Build.0 = Debug|Win32
		{50E8FDA8-3BDF-3DF7-87B3-AF02F89C08BF}.Release|Win32.ActiveCfg = Release|Win32
		{50E8FDA8-3BDF-3DF7-87B3-AF02F89C08BF}.Release|Win32.Build.0 = Release|Win32
		{50E8FDA8-3BDF-3DF7-87B3-AF02F89C08BF}.MinSizeRel|Win32.ActiveCfg = MinSizeRel|Win32
		{50E8FDA8-3BDF-3DF7-87B3-AF02F89C08BF}.MinSizeRel|Win32.Build.0 = MinSizeRel|Win32
		{50E8FDA8-3BDF-3DF7-87B3-AF02F89C08BF}.RelWithDebInfo|Win32.ActiveCfg = RelWithDebInfo|Win32
		{50E8FDA8-3BDF-3DF7-87B3-AF02F89C08BF}.RelWithDebInfo|Win32.Build.0 = RelWithDebInfo|Win32
		{DE8F4812-BDFB-39FA-918A-5B70A2EB144E}.Debug|Win32.ActiveCfg = Debug|Win32
		{DE8F4812-BDFB-39FA-918A-5B70A2EB144E}.Debug|Win32.Build.0 = Debug|Win32
		{DE8F4812-BDFB-39FA-918A-5B70A2EB144E}.Release|Win32.ActiveCfg = Release|Win32
		{DE8F4812-BDFB-39FA-918A-5B70A2EB144E}.Release|Win32.Build.0 = Release|Win32
		{DE8F4812-BDFB-39FA-918A-5B70A2EB144E}.MinSizeRel|Win32.ActiveCfg = MinSizeRel|Win32
		{DE8F4812-BDFB-39FA-918A-5B70A2EB144E}.MinSizeRel|Win32.Build.0 = MinSizeRel|Win32
		{DE8F4812-BDFB-39FA-918A-5B70A2EB144E}.RelWithDebInfo|Win32.ActiveCfg = RelWithDebInfo|Win32
		{DE8F4812-BDFB-39FA-918A-5B70A2EB144E}.RelWithDebInfo|Win32.Build.0 = RelWithDebInfo|Win32
		{2644C44A-180A-3E6C-97A1-872C730000A4}.Debug|Win32.ActiveCfg = Debug|Win32
		{2644C44A-180A-3E6C-97A1-872C730000A4}.Release|Win32.ActiveCfg = Release|Win32
		{2644C44A-180A-3E6C-97A1-872C730000A4}.MinSizeRel|Win32.ActiveCfg = MinSizeRel|Win32
		{2644C44A-180A-3E6C-97A1-872C730000A4}.RelWithDebInfo|Win32.ActiveCfg = RelWithDebInfo|Win32
		{025FBB22-2D6E-36E9-8BCC-94DDCE1C7357}.Debug|Win32.ActiveCfg = Debug|Win32
		{025FBB22-2D6E-36E9-8BCC-94DDCE1C7357}.Debug|Win32.Build.0 = Debug|Win32
		{025FBB22-2D6E-36E9-8BCC-94DDCE1C7357}.Release|Win32.ActiveCfg = Release|Win32
		{025FBB22-2D6E-36E9-8BCC-94DDCE1C7357}.Release|Win32.Build.0 = Release|Win32
		{025FBB22-2D6E-36E9-8BCC-94DDCE1C7357}.MinSizeRel|Win32.ActiveCfg = MinSizeRel|Win32
		{025FBB22-2D6E-36E9-8BCC-94DDCE1C7357}.MinSizeRel|Win32.Build.0 = MinSizeRel|Win32
		{025FBB22-2D6E-36E9-8BCC-94DDCE1C7357}.RelWithDebInfo|Win32.ActiveCfg = RelWithDebInfo|Win32
		{025FBB22-2D6E-36E9-8BCC-94DDCE1C7357}.RelWithDebInfo|Win32.Build.0 = RelWithDebInfo|Win32
		{C8CEB817-5F6F-3E3B-A6E6-96246890A743}.Debug|Win32.ActiveCfg = Debug|Win32
		{C8CEB817-5F6F-3E3B-A6E6-96246890A743}.Debug|Win32.Build.0 = Debug|Win32
		{C8CEB817-5F6F-3E3B-A6E6-96246890A743}.Release|Win32.ActiveCfg = Release|Win32
		{C8CEB817-5F6F-3E3B-A6E6-96246890A743}.Release|Win32.Build.0 = Release|Win32
		{C8CEB817-5F6F-3E3B-A6E6-96246890A743}.MinSizeRel|Win32.ActiveCfg = MinSizeRel|Win32
		{C8CEB817-5F6F-3E3B-A6E6-96246890A743}.MinSizeRel|Win32.Build.0 = MinSizeRel|Win32
		{C8CEB817-5F6F-3E3B-A6E6-96246890A743}.RelWithDebInfo|Win32.ActiveCfg = RelWithDebInfo|Win32
		{C8CEB817-5F6F-3E3B-A6E6-96246890A743}.RelWithDebInfo|Win32.Build.0 = RelWithDebInfo|Win32
		{1D897B6E-9124-3ED0-948C-93DB08839002}.Debug|Win32.ActiveCfg = Debug|Win32
		{1D897B6E-9124-3ED0-948C-93DB08839002}.Debug|Win32.Build.0 = Debug|Win32
		{1D897B6E-9124-3ED0-948C-93DB08839002}.Release|Win32.ActiveCfg = Release|Win32
		{1D897B6E-9124-3ED0-948C-93DB08839002}.Release|Win32.Build.0 = Release|Win32
		{1D897B6E-9124-3ED0-948C-93DB08839002}.MinSizeRel|Win32.ActiveCfg = MinSizeRel|Win32
		{1D897B6E-9124-3ED0-948C-93DB08839002}.MinSizeRel|Win32.Build.0 = MinSizeRel|Win32
		{1D897B6E-9124-3ED0-948C-93DB08839002}.RelWithDebInfo|Win32.ActiveCfg = RelWithDebInfo|Win32
		{1D897B6E-9124-3ED0-948C-93DB08839002}.RelWithDebInfo|Win32.Build.0 = RelWithDebInfo|Win32
		{8B7D1D50-AB59-36A3-A3BD-5BFD14914267}.Debug|Win32.ActiveCfg = Debug|Win32
		{8B7D1D50-AB59-36A3-A3BD-5BFD14914267}.Debug|Win32.Build.0 = Debug|Win32
		{8B7D1D50-AB59-36A3-A3BD-5BFD14914267}.Release|Win32.ActiveCfg = Release|Win32
		{8B7D1D50-AB59-36A3-A3BD-5BFD14914267}.Release|Win32.Build.0 = Release|Win32
		{8B7D1D50-AB59-36A3-A3BD-5BFD14914267}.MinSizeRel|Win32.ActiveCfg = MinSizeRel|Win32
		{8B7D1D50-AB59-36A3-A3BD-5BFD14914267}.MinSizeRel|Win32.Build.0 = MinSizeRel|Win32
		{8B7D1D50-AB59-36A3-A3BD-5BFD14914267}.RelWithDebInfo|Win32.ActiveCfg = RelWithDebInfo|Win32
		{8B7D1D50-AB59-36A3-A3BD-5BFD14914267}.RelWithDebInfo|Win32.Build.0 = RelWithDebInfo|Win32
		{CFDB0EA4-8D48-3E59-A263-1E8B51397D29}.Debug|Win32.ActiveCfg = Debug|Win32
		{CFDB0EA4-8D48-3E59-A263-1E8B51397D29}.Debug|Win32.Build.0 = Debug|Win32
		{CFDB0EA4-8D48-3E59-A263-1E8B51397D29}.Release|Win32.ActiveCfg = Release|Win32
		{CFDB0EA4-8D48-3E59-A263-1E8B51397D29}.Release|Win32.Build.0 = Release|Win32
		{CFDB0EA4-8D48-3E59-A263-1E8B51397D29}.MinSizeRel|Win32.ActiveCfg = MinSizeRel|Win32
		{CFDB0EA4-8D48-3E59-A263-1E8B51397D29}.MinSizeRel|Win32.Build.0 = MinSizeRel|Win32
		{CFDB0EA4-8D48-3E59-A263-1E8B51397D29}.RelWithDebInfo|Win32.ActiveCfg = RelWithDebInfo|Win32
		{CFDB0EA4-8D48-3E59-A263-1E8B51397D29}.RelWithDebInfo|Win32.Build.0 = RelWithDebInfo|Win32
		{D7871A0E-15B8-38F4-9709-A5DAF8C5888B}.Debug|Win32.ActiveCfg = Debug|Win32
		{D7871A0E-15B8-38F4-9709-A5DAF8C5888B}.Debug|Win32.Build.0 = Debug|Win32
		{D7871A0E-15B8-38F4-9709-A5DAF8C5888B}.Release|Win32.ActiveCfg = Release|Win32
		{D7871A0E-15B8-38F4-9709-A5DAF8C5888B}.Release|Win32.Build.0 = Release|Win32
		{D7871A0E-15B8-38F4-9709-A5DAF8C5888B}.MinSizeRel|Win32.ActiveCfg = MinSizeRel|Win32
		{D7871A0E-15B8-38F4-9709-A5DAF8C5888B}.MinSizeRel|Win32.Build.0 = MinSizeRel|Win32
		{D7871A0E-15B8-38F4-9709-A5DAF8C5888B}.RelWithDebInfo|Win32.ActiveCfg = RelWithDebInfo|Win32
		{D7871A0E-15B8-38F4-9709-A5DAF8C5888B}.RelWithDebInfo|Win32.Build.0 = RelWithDebInfo|Win32
		{7C157C73-28B4-3937-BBFD-122F782F58BC}.Debug|Win32.ActiveCfg = Debug|Win32
		{7C157C73-28B4-3937-BBFD-122F782F58BC}.Debug|Win32.Build.0 = Debug|Win32
		{7C157C73-28B4-3937-BBFD-122F782F58BC}.Release|Win32.ActiveCfg = Release|Win32
		{7C157C73-28B4-3937-BBFD-122F782F58BC}.Release|Win32.Build.0 = Release|Win32
		{7C157C73-28B4-3937-BBFD-122F782F58BC}.MinSizeRel|Win32.ActiveCfg = MinSizeRel|Win32
		{7C157C73-28B4-3937-BBFD-122F782F58BC}.MinSizeRel|Win32.Build.0 = MinSizeRel|Win32
		{7C157C73-28B4-3937-BBFD-122F782F58BC}.RelWithDebInfo|Win32.ActiveCfg = RelWithDebInfo|Win32
		{7C157C73-28B4-3937-BBFD-122F782F58BC}.RelWithDebInfo|Win32.Build.0 = RelWithDebInfo|Win32
		{65356A16-0628-3239-8639-6C98B56B37E4}.Debug|Win32.ActiveCfg = Debug|Win32
		{65356A16-0628-3239-8639-6C98B56B37E4}.Debug|Win32.Build.0 = Debug|Win32
		{65356A16-0628-3239-8639-6C98B56B37E4}.Release|Win32.ActiveCfg = Release|Win32
		{65356A16-0628-3239-8639-6C98B56B37E4}.Release|Win32.Build.0 = Release|Win32
		{65356A16-0628-3239-8639-6C98B56B37E4}.MinSizeRel|Win32.ActiveCfg = MinSizeRel|Win32
		{65356A16-0628-3239-8639-6C98B56B37E4}.MinSizeRel|Win32.Build.0 = MinSizeRel|Win32
		{65356A16-0628-3239-8639-6C98B56B37E4}.RelWithDebInfo|Win32.ActiveCfg = RelWithDebInfo|Win32
		{65356A16-0628-3239-8639-6C98B56B37E4}.RelWithDebInfo|Win32.Build.0 = RelWithDebInfo|Win32
		{BDEC03CA-D6F1-31BA-B535-4A68D23B15A7}.Debug|Win32.ActiveCfg = Debug|Win32
		{BDEC03CA-D6F1-31BA-B535-4A68D23B15A7}.Debug|Win32.Build.0 = Debug|Win32
		{BDEC03CA-D6F1-31BA-B535-4A68D23B15A7}.Release|Win32.ActiveCfg = Release|Win32
		{BDEC03CA-D6F1-31BA-B535-4A68D23B15A7}.Release|Win32.Build.0 = Release|Win32
		{BDEC03CA-D6F1-31BA-B535-4A68D23B15A7}.MinSizeRel|Win32.ActiveCfg = MinSizeRel|Win32
		{BDEC03CA-D6F1-31BA-B535-4A68D23B15A7}.MinSizeRel|Win32.Build.0 = MinSizeRel|Win32
		{BDEC03CA-D6F1-31BA-B535-4A68D23B15A7}.RelWithDebInfo|Win32.ActiveCfg = RelWithDebInfo|Win32
		{BDEC03CA-D6F1-31BA-B535-4A68D23B15A7}.RelWithDebInfo|Win32.Build.0 = RelWithDebInfo|Win32
		{6BB528F9-E5A5-3A29-AF94-4012B6FB7B89}.Debug|Win32.ActiveCfg = Debug|Win32
		{6BB528F9-E5A5-3A29-AF94-4012B6FB7B89}.Debug|Win32.Build.0 = Debug|Win32
		{6BB528F9-E5A5-3A29-AF94-4012B6FB7B89}.Release|Win32.ActiveCfg = Release|Win32
		{6BB528F9-E5A5-3A29-AF94-4012B6FB7B89}.Release|Win32.Build.0 = Release|Win32
		{6BB528F9-E5A5-3A29-AF94-4012B6FB7B89}.MinSizeRel|Win32.ActiveCfg = MinSizeRel|Win32
		{6BB528F9-E5A5-3A29-AF94-4012B6FB7B89}.MinSizeRel|Win32.Build.0 = MinSizeRel|Win32
		{6BB528F9-E5A5-3A29-AF94-4012B6FB7B89}.RelWithDebInfo|Win32.ActiveCfg = RelWithDebInfo|Win32
		{6BB528F9-E5A5-3A29-AF94-4012B6FB7B89}.RelWithDebInfo|Win32.Build.0 = RelWithDebInfo|Win32
		{42818FFA-D5AF-39AF-8281-F87512B13B4B}.Debug|Win32.ActiveCfg = Debug|Win32
		{42818FFA-D5AF-39AF-8281-F87512B13B4B}.Debug|Win32.Build.0 = Debug|Win32
		{42818FFA-D5AF-39AF-8281-F87512B13B4B}.Release|Win32.ActiveCfg = Release|Win32
		{42818FFA-D5AF-39AF-8281-F87512B13B4B}.Release|Win32.Build.0 = Release|Win32
		{42818FFA-D5AF-39AF-8281-F87512B13B4B}.MinSizeRel|Win32.ActiveCfg = MinSizeRel|Win32
		{42818FFA-D5AF-39AF-8281-F87512B13B4B}.MinSizeRel|Win32.Build.0 = MinSizeRel|Win32
		{42818FFA-D5AF-39AF-8281-F87512B13B4B}.RelWithDebInfo|Win32.ActiveCfg = RelWithDebInfo|Win32
		{42818FFA-D5AF-39AF-8281-F87512B13B4B}.RelWithDebInfo|Win32.Build.0 = RelWithDebInfo|Win32
		{BCD566D4-6DF1-3ED8-86E7-403610E160B9}.Debug|Win32.ActiveCfg = Debug|Win32
		{BCD566D4-6DF1-3ED8-86E7-403610E160B9}.Debug|Win32.Build.0 = Debug|Win32
		{BCD566D4-6DF1-3ED8-86E7-403610E160B9}.Release|Win32.ActiveCfg = Release|Win32
		{BCD566D4-6DF1-3ED8-86E7-403610E160B9}.Release|Win32.Build.0 = Release|Win32
		{BCD566D4-6DF1-3ED8-86E7-403610E160B9}.MinSizeRel|Win32.ActiveCfg = MinSizeRel|Win32
		{BCD566D4-6DF1-3ED8-86E7-403610E160B9}.MinSizeRel|Win32.Build.0 = MinSizeRel|Win32
		{BCD566D4-6DF1-3ED8-86E7-403610E160B9}.RelWithDebInfo|Win32.ActiveCfg = RelWithDebInfo|Win32
		{BCD566D4-6DF1-3ED8-86E7-403610E160B9}.RelWithDebInfo|Win32.Build.0 = RelWithDebInfo|Win32
		{7CF48565-5399-3075-BAFA-FCC5DCF59D9C}.Debug|Win32.ActiveCfg = Debug|Win32
		{7CF48565-5399-3075-BAFA-FCC5DCF59D9C}.Debug|Win32.Build.0 = Debug|Win32
		{7CF48565-5399-3075-BAFA-FCC5DCF59D9C}.Release|Win32.ActiveCfg = Release|Win32
		{7CF48565-5399-3075-BAFA-FCC5DCF59D9C}.Release|Win32.Build.0 = Release|Win32
		{7CF48565-5399-3075-BAFA-FCC5DCF59D9C}.MinSizeRel|Win32.ActiveCfg = MinSizeRel|Win32
		{7CF48565-5399-3075-BAFA-FCC5DCF59D9C}.MinSizeRel|Win32.Build.0 = MinSizeRel|Win32
		{7CF48565-5399-3075-BAFA-FCC5DCF59D9C}.RelWithDebInfo|Win32.ActiveCfg = RelWithDebInfo|Win32
		{7CF48565-5399-3075-BAFA-FCC5DCF59D9C}.RelWithDebInfo|Win32.Build.0 = RelWithDebInfo|Win32
		{1216A91D-571F-3AC8-B60D-345854E35592}.Debug|Win32.ActiveCfg = Debug|Win32
		{1216A91D-571F-3AC8-B60D-345854E35592}.Debug|Win32.Build.0 = Debug|Win32
		{1216A91D-571F-3AC8-B60D-345854E35592}.Release|Win32.ActiveCfg = Release|Win32
		{1216A91D-571F-3AC8-B60D-345854E35592}.Release|Win32.Build.0 = Release|Win32
		{1216A91D-571F-3AC8-B60D-345854E35592}.MinSizeRel|Win32.ActiveCfg = MinSizeRel|Win32
		{1216A91D-571F-3AC8-B60D-345854E35592}.MinSizeRel|Win32.Build.0 = MinSizeRel|Win32
		{1216A91D-571F-3AC8-B60D-345854E35592}.RelWithDebInfo|Win32.ActiveCfg = RelWithDebInfo|Win32
		{1216A91D-571F-3AC8-B60D-345854E35592}.RelWithDebInfo|Win32.Build.0 = RelWithDebInfo|Win32
		{E4EB8796-1A74-3DD5-9255-2C1A782A13F6}.Debug|Win32.ActiveCfg = Debug|Win32
		{E4EB8796-1A74-3DD5-9255-2C1A782A13F6}.Debug|Win32.Build.0 = Debug|Win32
		{E4EB8796-1A74-3DD5-9255-2C1A782A13F6}.Release|Win32.ActiveCfg = Release|Win32
		{E4EB8796-1A74-3DD5-9255-2C1A782A13F6}.Release|Win32.Build.0 = Release|Win32
		{E4EB8796-1A74-3DD5-9255-2C1A782A13F6}.MinSizeRel|Win32.ActiveCfg = MinSizeRel|Win32
		{E4EB8796-1A74-3DD5-9255-2C1A782A13F6}.MinSizeRel|Win32.Build.0 = MinSizeRel|Win32
		{E4EB8796-1A74-3DD5-9255-2C1A782A13F6}.RelWithDebInfo|Win32.ActiveCfg = RelWithDebInfo|Win32
		{E4EB8796-1A74-3DD5-9255-2C1A782A13F6}.RelWithDebInfo|Win32.Build.0 = RelWithDebInfo|Win32
		{644CC5C6-EFD7-3EC0-A42D-CFD3B742EC6F}.Debug|Win32.ActiveCfg = Debug|Win32
		{644CC5C6-EFD7-3EC0-A42D-CFD3B742EC6F}.Debug|Win32.Build.0 = Debug|Win32
		{644CC5C6-EFD7-3EC0-A42D-CFD3B742EC6F}.Release|Win32.ActiveCfg = Release|Win32
		{644CC5C6-EFD7-3EC0-A42D-CFD3B742EC6F}.Release|Win32.Build.0 = Release|Win32
		{644CC5C6-EFD7-3EC0-A42D-CFD3B742EC6F}.MinSizeRel|Win32.ActiveCfg = MinSizeRel|Win32
		{644CC5C6-EFD7-3EC0-A42D-CFD3B742EC6F}.MinSizeRel|Win32.Build.0 = MinSizeRel|Win32
		{644CC5C6-EFD7-3EC0-A42D-CFD3B742EC6F}.RelWithDebInfo|Win32.ActiveCfg = RelWithDebInfo|Win32
		{644CC5C6-EFD7-3EC0-A42D-CFD3B742EC6F}.RelWithDebInfo|Win32.Build.0 = RelWithDebInfo|Win32
		{6A7DF4CF-1B37-30E7-928F-0F1A20B6A069}.Debug|Win32.ActiveCfg = Debug|Win32
		{6A7DF4CF-1B37-30E7-928F-0F1A20B6A069}.Debug|Win32.Build.0 = Debug|Win32
		{6A7DF4CF-1B37-30E7-928F-0F1A20B6A069}.Release|Win32.ActiveCfg = Release|Win32
		{6A7DF4CF-1B37-30E7-928F-0F1A20B6A069}.Release|Win32.Build.0 = Release|Win32
		{6A7DF4CF-1B37-30E7-928F-0F1A20B6A069}.MinSizeRel|Win32.ActiveCfg = MinSizeRel|Win32
		{6A7DF4CF-1B37-30E7-928F-0F1A20B6A069}.MinSizeRel|Win32.Build.0 = MinSizeRel|Win32
		{6A7DF4CF-1B37-30E7-928F-0F1A20B6A069}.RelWithDebInfo|Win32.ActiveCfg = RelWithDebInfo|Win32
		{6A7DF4CF-1B37-30E7-928F-0F1A20B6A069}.RelWithDebInfo|Win32.Build.0 = RelWithDebInfo|Win32
		{57067571-8AFF-3476-BE94-21ABB353A175}.Debug|Win32.ActiveCfg = Debug|Win32
		{57067571-8AFF-3476-BE94-21ABB353A175}.Debug|Win32.Build.0 = Debug|Win32
		{57067571-8AFF-3476-BE94-21ABB353A175}.Release|Win32.ActiveCfg = Release|Win32
		{57067571-8AFF-3476-BE94-21ABB353A175}.Release|Win32.Build.0 = Release|Win32
		{57067571-8AFF-3476-BE94-21ABB353A175}.MinSizeRel|Win32.ActiveCfg = MinSizeRel|Win32
		{57067571-8AFF-3476-BE94-21ABB353A175}.MinSizeRel|Win32.Build.0 = MinSizeRel|Win32
		{57067571-8AFF-3476-BE94-21ABB353A175}.RelWithDebInfo|Win32.ActiveCfg = RelWithDebInfo|Win32
		{57067571-8AFF-3476-BE94-21ABB353A175}.RelWithDebInfo|Win32.Build.0 = RelWithDebInfo|Win32
		{039B5BB3-1E24-30FB-95BB-FDB3FECD8C55}.Debug|Win32.ActiveCfg = Debug|Win32
		{039B5BB3-1E24-30FB-95BB-FDB3FECD8C55}.Debug|Win32.Build.0 = Debug|Win32
		{039B5BB3-1E24-30FB-95BB-FDB3FECD8C55}.Release|Win32.ActiveCfg = Release|Win32
		{039B5BB3-1E24-30FB-95BB-FDB3FECD8C55}.Release|Win32.Build.0 = Release|Win32
		{039B5BB3-1E24-30FB-95BB-FDB3FECD8C55}.MinSizeRel|Win32.ActiveCfg = MinSizeRel|Win32
		{039B5BB3-1E24-30FB-95BB-FDB3FECD8C55}.MinSizeRel|Win32.Build.0 = MinSizeRel|Win32
		{039B5BB3-1E24-30FB-95BB-FDB3FECD8C55}.RelWithDebInfo|Win32.ActiveCfg = RelWithDebInfo|Win32
		{039B5BB3-1E24-30FB-95BB-FDB3FECD8C55}.RelWithDebInfo|Win32.Build.0 = RelWithDebInfo|Win32
	EndGlobalSection
	GlobalSection(ExtensibilityGlobals) = postSolution
	EndGlobalSection
	GlobalSection(ExtensibilityAddIns) = postSolution
	EndGlobalSection
EndGlobal
