<?xml version="1.0" encoding="UTF-8"?>
<Project ToolsVersion="15.0" xmlns="http://schemas.microsoft.com/developer/msbuild/2003">
  <ItemGroup>
    <CustomBuild Include="D:\cloud\Porphyrograph\share\freeglut-wacom\VC17\CMakeFiles\e25d6022113a026ecc5f4a577dfbf704\generate.stamp.rule">
      <Filter>CMake Rules</Filter>
    </CustomBuild>
  </ItemGroup>
  <ItemGroup>
    <Filter Include="CMake Rules">
      <UniqueIdentifier>{9A593A64-1F03-38C1-8F6D-12AA8FD09E8F}</UniqueIdentifier>
    </Filter>
  </ItemGroup>
</Project>
